// !$*UTF8*$!
{
	archiveVersion = 1;
	classes = {
	};
	objectVersion = 55;
	objects = {

/* Begin PBXBuildFile section */
		79F6FB692808181D00A91EEE /* AppDelegate.swift in Sources */ = {isa = PBXBuildFile; fileRef = 79F6FB682808181D00A91EEE /* AppDelegate.swift */; };
		79F6FB6B2808181D00A91EEE /* SceneDelegate.swift in Sources */ = {isa = PBXBuildFile; fileRef = 79F6FB6A2808181D00A91EEE /* SceneDelegate.swift */; };
		79F6FB6D2808181D00A91EEE /* ViewController.swift in Sources */ = {isa = PBXBuildFile; fileRef = 79F6FB6C2808181D00A91EEE /* ViewController.swift */; };
		79F6FB702808181D00A91EEE /* Main.storyboard in Resources */ = {isa = PBXBuildFile; fileRef = 79F6FB6E2808181D00A91EEE /* Main.storyboard */; };
		79F6FB732808181D00A91EEE /* Task.xcdatamodeld in Sources */ = {isa = PBXBuildFile; fileRef = 79F6FB712808181D00A91EEE /* Task.xcdatamodeld */; };
		79F6FB752808181D00A91EEE /* Assets.xcassets in Resources */ = {isa = PBXBuildFile; fileRef = 79F6FB742808181D00A91EEE /* Assets.xcassets */; };
		79F6FB782808181D00A91EEE /* LaunchScreen.storyboard in Resources */ = {isa = PBXBuildFile; fileRef = 79F6FB762808181D00A91EEE /* LaunchScreen.storyboard */; };
		79F6FB832808181D00A91EEE /* TaskTests.swift in Sources */ = {isa = PBXBuildFile; fileRef = 79F6FB822808181D00A91EEE /* TaskTests.swift */; };
		79F6FB8D2808181D00A91EEE /* TaskUITests.swift in Sources */ = {isa = PBXBuildFile; fileRef = 79F6FB8C2808181D00A91EEE /* TaskUITests.swift */; };
		79F6FB8F2808181D00A91EEE /* TaskUITestsLaunchTests.swift in Sources */ = {isa = PBXBuildFile; fileRef = 79F6FB8E2808181D00A91EEE /* TaskUITestsLaunchTests.swift */; };
/* End PBXBuildFile section */

/* Begin PBXContainerItemProxy section */
		79F6FB7F2808181D00A91EEE /* PBXContainerItemProxy */ = {
			isa = PBXContainerItemProxy;
			containerPortal = 79F6FB5D2808181D00A91EEE /* Project object */;
			proxyType = 1;
			remoteGlobalIDString = 79F6FB642808181D00A91EEE;
			remoteInfo = Task;
		};
		79F6FB892808181D00A91EEE /* PBXContainerItemProxy */ = {
			isa = PBXContainerItemProxy;
			containerPortal = 79F6FB5D2808181D00A91EEE /* Project object */;
			proxyType = 1;
			remoteGlobalIDString = 79F6FB642808181D00A91EEE;
			remoteInfo = Task;
		};
/* End PBXContainerItemProxy section */

/* Begin PBXFileReference section */
		79F6FB652808181D00A91EEE /* Task.app */ = {isa = PBXFileReference; explicitFileType = wrapper.application; includeInIndex = 0; path = Task.app; sourceTree = BUILT_PRODUCTS_DIR; };
		79F6FB682808181D00A91EEE /* AppDelegate.swift */ = {isa = PBXFileReference; lastKnownFileType = sourcecode.swift; path = AppDelegate.swift; sourceTree = "<group>"; };
		79F6FB6A2808181D00A91EEE /* SceneDelegate.swift */ = {isa = PBXFileReference; lastKnownFileType = sourcecode.swift; path = SceneDelegate.swift; sourceTree = "<group>"; };
		79F6FB6C2808181D00A91EEE /* ViewController.swift */ = {isa = PBXFileReference; lastKnownFileType = sourcecode.swift; path = ViewController.swift; sourceTree = "<group>"; };
		79F6FB6F2808181D00A91EEE /* Base */ = {isa = PBXFileReference; lastKnownFileType = file.storyboard; name = Base; path = Base.lproj/Main.storyboard; sourceTree = "<group>"; };
		79F6FB722808181D00A91EEE /* Task.xcdatamodel */ = {isa = PBXFileReference; lastKnownFileType = wrapper.xcdatamodel; path = Task.xcdatamodel; sourceTree = "<group>"; };
		79F6FB742808181D00A91EEE /* Assets.xcassets */ = {isa = PBXFileReference; lastKnownFileType = folder.assetcatalog; path = Assets.xcassets; sourceTree = "<group>"; };
		79F6FB772808181D00A91EEE /* Base */ = {isa = PBXFileReference; lastKnownFileType = file.storyboard; name = Base; path = Base.lproj/LaunchScreen.storyboard; sourceTree = "<group>"; };
		79F6FB792808181D00A91EEE /* Info.plist */ = {isa = PBXFileReference; lastKnownFileType = text.plist.xml; path = Info.plist; sourceTree = "<group>"; };
		79F6FB7E2808181D00A91EEE /* TaskTests.xctest */ = {isa = PBXFileReference; explicitFileType = wrapper.cfbundle; includeInIndex = 0; path = TaskTests.xctest; sourceTree = BUILT_PRODUCTS_DIR; };
		79F6FB822808181D00A91EEE /* TaskTests.swift */ = {isa = PBXFileReference; lastKnownFileType = sourcecode.swift; path = TaskTests.swift; sourceTree = "<group>"; };
		79F6FB882808181D00A91EEE /* TaskUITests.xctest */ = {isa = PBXFileReference; explicitFileType = wrapper.cfbundle; includeInIndex = 0; path = TaskUITests.xctest; sourceTree = BUILT_PRODUCTS_DIR; };
		79F6FB8C2808181D00A91EEE /* TaskUITests.swift */ = {isa = PBXFileReference; lastKnownFileType = sourcecode.swift; path = TaskUITests.swift; sourceTree = "<group>"; };
		79F6FB8E2808181D00A91EEE /* TaskUITestsLaunchTests.swift */ = {isa = PBXFileReference; lastKnownFileType = sourcecode.swift; path = TaskUITestsLaunchTests.swift; sourceTree = "<group>"; };
/* End PBXFileReference section */

/* Begin PBXFrameworksBuildPhase section */
		79F6FB622808181D00A91EEE /* Frameworks */ = {
			isa = PBXFrameworksBuildPhase;
			buildActionMask = 2147483647;
			files = (
			);
			runOnlyForDeploymentPostprocessing = 0;
		};
		79F6FB7B2808181D00A91EEE /* Frameworks */ = {
			isa = PBXFrameworksBuildPhase;
			buildActionMask = 2147483647;
			files = (
			);
			runOnlyForDeploymentPostprocessing = 0;
		};
		79F6FB852808181D00A91EEE /* Frameworks */ = {
			isa = PBXFrameworksBuildPhase;
			buildActionMask = 2147483647;
			files = (
			);
			runOnlyForDeploymentPostprocessing = 0;
		};
/* End PBXFrameworksBuildPhase section */

/* Begin PBXGroup section */
		79F6FB5C2808181D00A91EEE = {
			isa = PBXGroup;
			children = (
				79F6FB672808181D00A91EEE /* Task */,
				79F6FB812808181D00A91EEE /* TaskTests */,
				79F6FB8B2808181D00A91EEE /* TaskUITests */,
				79F6FB662808181D00A91EEE /* Products */,
			);
			sourceTree = "<group>";
		};
		79F6FB662808181D00A91EEE /* Products */ = {
			isa = PBXGroup;
			children = (
				79F6FB652808181D00A91EEE /* Task.app */,
				79F6FB7E2808181D00A91EEE /* TaskTests.xctest */,
				79F6FB882808181D00A91EEE /* TaskUITests.xctest */,
			);
			name = Products;
			sourceTree = "<group>";
		};
		79F6FB672808181D00A91EEE /* Task */ = {
			isa = PBXGroup;
			children = (
				79F6FB682808181D00A91EEE /* AppDelegate.swift */,
				79F6FB6A2808181D00A91EEE /* SceneDelegate.swift */,
				79F6FB6C2808181D00A91EEE /* ViewController.swift */,
				79F6FB6E2808181D00A91EEE /* Main.storyboard */,
				79F6FB742808181D00A91EEE /* Assets.xcassets */,
				79F6FB762808181D00A91EEE /* LaunchScreen.storyboard */,
				79F6FB792808181D00A91EEE /* Info.plist */,
				79F6FB712808181D00A91EEE /* Task.xcdatamodeld */,
			);
			path = Task;
			sourceTree = "<group>";
		};
		79F6FB812808181D00A91EEE /* TaskTests */ = {
			isa = PBXGroup;
			children = (
				79F6FB822808181D00A91EEE /* TaskTests.swift */,
			);
			path = TaskTests;
			sourceTree = "<group>";
		};
		79F6FB8B2808181D00A91EEE /* TaskUITests */ = {
			isa = PBXGroup;
			children = (
				79F6FB8C2808181D00A91EEE /* TaskUITests.swift */,
				79F6FB8E2808181D00A91EEE /* TaskUITestsLaunchTests.swift */,
			);
			path = TaskUITests;
			sourceTree = "<group>";
		};
/* End PBXGroup section */

/* Begin PBXNativeTarget section */
		79F6FB642808181D00A91EEE /* Task */ = {
			isa = PBXNativeTarget;
			buildConfigurationList = 79F6FB922808181D00A91EEE /* Build configuration list for PBXNativeTarget "Task" */;
			buildPhases = (
				79F6FB612808181D00A91EEE /* Sources */,
				79F6FB622808181D00A91EEE /* Frameworks */,
				79F6FB632808181D00A91EEE /* Resources */,
			);
			buildRules = (
			);
			dependencies = (
			);
			name = Task;
			productName = Task;
			productReference = 79F6FB652808181D00A91EEE /* Task.app */;
			productType = "com.apple.product-type.application";
		};
		79F6FB7D2808181D00A91EEE /* TaskTests */ = {
			isa = PBXNativeTarget;
			buildConfigurationList = 79F6FB952808181D00A91EEE /* Build configuration list for PBXNativeTarget "TaskTests" */;
			buildPhases = (
				79F6FB7A2808181D00A91EEE /* Sources */,
				79F6FB7B2808181D00A91EEE /* Frameworks */,
				79F6FB7C2808181D00A91EEE /* Resources */,
			);
			buildRules = (
			);
			dependencies = (
				79F6FB802808181D00A91EEE /* PBXTargetDependency */,
			);
			name = TaskTests;
			productName = TaskTests;
			productReference = 79F6FB7E2808181D00A91EEE /* TaskTests.xctest */;
			productType = "com.apple.product-type.bundle.unit-test";
		};
		79F6FB872808181D00A91EEE /* TaskUITests */ = {
			isa = PBXNativeTarget;
			buildConfigurationList = 79F6FB982808181D00A91EEE /* Build configuration list for PBXNativeTarget "TaskUITests" */;
			buildPhases = (
				79F6FB842808181D00A91EEE /* Sources */,
				79F6FB852808181D00A91EEE /* Frameworks */,
				79F6FB862808181D00A91EEE /* Resources */,
			);
			buildRules = (
			);
			dependencies = (
				79F6FB8A2808181D00A91EEE /* PBXTargetDependency */,
			);
			name = TaskUITests;
			productName = TaskUITests;
			productReference = 79F6FB882808181D00A91EEE /* TaskUITests.xctest */;
			productType = "com.apple.product-type.bundle.ui-testing";
		};
/* End PBXNativeTarget section */

/* Begin PBXProject section */
		79F6FB5D2808181D00A91EEE /* Project object */ = {
			isa = PBXProject;
			attributes = {
				BuildIndependentTargetsInParallel = 1;
				LastSwiftUpdateCheck = 1330;
				LastUpgradeCheck = 1330;
				TargetAttributes = {
					79F6FB642808181D00A91EEE = {
						CreatedOnToolsVersion = 13.3.1;
					};
					79F6FB7D2808181D00A91EEE = {
						CreatedOnToolsVersion = 13.3.1;
						TestTargetID = 79F6FB642808181D00A91EEE;
					};
					79F6FB872808181D00A91EEE = {
						CreatedOnToolsVersion = 13.3.1;
						TestTargetID = 79F6FB642808181D00A91EEE;
					};
				};
			};
			buildConfigurationList = 79F6FB602808181D00A91EEE /* Build configuration list for PBXProject "Task" */;
			compatibilityVersion = "Xcode 13.0";
			developmentRegion = en;
			hasScannedForEncodings = 0;
			knownRegions = (
				en,
				Base,
			);
			mainGroup = 79F6FB5C2808181D00A91EEE;
			productRefGroup = 79F6FB662808181D00A91EEE /* Products */;
			projectDirPath = "";
			projectRoot = "";
			targets = (
				79F6FB642808181D00A91EEE /* Task */,
				79F6FB7D2808181D00A91EEE /* TaskTests */,
				79F6FB872808181D00A91EEE /* TaskUITests */,
			);
		};
/* End PBXProject section */

/* Begin PBXResourcesBuildPhase section */
		79F6FB632808181D00A91EEE /* Resources */ = {
			isa = PBXResourcesBuildPhase;
			buildActionMask = 2147483647;
			files = (
				79F6FB782808181D00A91EEE /* LaunchScreen.storyboard in Resources */,
				79F6FB752808181D00A91EEE /* Assets.xcassets in Resources */,
				79F6FB702808181D00A91EEE /* Main.storyboard in Resources */,
			);
			runOnlyForDeploymentPostprocessing = 0;
		};
		79F6FB7C2808181D00A91EEE /* Resources */ = {
			isa = PBXResourcesBuildPhase;
			buildActionMask = 2147483647;
			files = (
			);
			runOnlyForDeploymentPostprocessing = 0;
		};
		79F6FB862808181D00A91EEE /* Resources */ = {
			isa = PBXResourcesBuildPhase;
			buildActionMask = 2147483647;
			files = (
			);
			runOnlyForDeploymentPostprocessing = 0;
		};
/* End PBXResourcesBuildPhase section */

/* Begin PBXSourcesBuildPhase section */
		79F6FB612808181D00A91EEE /* Sources */ = {
			isa = PBXSourcesBuildPhase;
			buildActionMask = 2147483647;
			files = (
				79F6FB732808181D00A91EEE /* Task.xcdatamodeld in Sources */,
				79F6FB6D2808181D00A91EEE /* ViewController.swift in Sources */,
				79F6FB692808181D00A91EEE /* AppDelegate.swift in Sources */,
				79F6FB6B2808181D00A91EEE /* SceneDelegate.swift in Sources */,
			);
			runOnlyForDeploymentPostprocessing = 0;
		};
		79F6FB7A2808181D00A91EEE /* Sources */ = {
			isa = PBXSourcesBuildPhase;
			buildActionMask = 2147483647;
			files = (
				79F6FB832808181D00A91EEE /* TaskTests.swift in Sources */,
			);
			runOnlyForDeploymentPostprocessing = 0;
		};
		79F6FB842808181D00A91EEE /* Sources */ = {
			isa = PBXSourcesBuildPhase;
			buildActionMask = 2147483647;
			files = (
				79F6FB8D2808181D00A91EEE /* TaskUITests.swift in Sources */,
				79F6FB8F2808181D00A91EEE /* TaskUITestsLaunchTests.swift in Sources */,
			);
			runOnlyForDeploymentPostprocessing = 0;
		};
/* End PBXSourcesBuildPhase section */

/* Begin PBXTargetDependency section */
		79F6FB802808181D00A91EEE /* PBXTargetDependency */ = {
			isa = PBXTargetDependency;
			target = 79F6FB642808181D00A91EEE /* Task */;
			targetProxy = 79F6FB7F2808181D00A91EEE /* PBXContainerItemProxy */;
		};
		79F6FB8A2808181D00A91EEE /* PBXTargetDependency */ = {
			isa = PBXTargetDependency;
			target = 79F6FB642808181D00A91EEE /* Task */;
			targetProxy = 79F6FB892808181D00A91EEE /* PBXContainerItemProxy */;
		};
/* End PBXTargetDependency section */

/* Begin PBXVariantGroup section */
		79F6FB6E2808181D00A91EEE /* Main.storyboard */ = {
			isa = PBXVariantGroup;
			children = (
				79F6FB6F2808181D00A91EEE /* Base */,
			);
			name = Main.storyboard;
			sourceTree = "<group>";
		};
		79F6FB762808181D00A91EEE /* LaunchScreen.storyboard */ = {
			isa = PBXVariantGroup;
			children = (
				79F6FB772808181D00A91EEE /* Base */,
			);
			name = LaunchScreen.storyboard;
			sourceTree = "<group>";
		};
/* End PBXVariantGroup section */

/* Begin XCBuildConfiguration section */
		79F6FB902808181D00A91EEE /* Debug */ = {
			isa = XCBuildConfiguration;
			buildSettings = {
				ALWAYS_SEARCH_USER_PATHS = NO;
				CLANG_ANALYZER_NONNULL = YES;
				CLANG_ANALYZER_NUMBER_OBJECT_CONVERSION = YES_AGGRESSIVE;
				CLANG_CXX_LANGUAGE_STANDARD = "gnu++17";
				CLANG_ENABLE_MODULES = YES;
				CLANG_ENABLE_OBJC_ARC = YES;
				CLANG_ENABLE_OBJC_WEAK = YES;
				CLANG_WARN_BLOCK_CAPTURE_AUTORELEASING = YES;
				CLANG_WARN_BOOL_CONVERSION = YES;
				CLANG_WARN_COMMA = YES;
				CLANG_WARN_CONSTANT_CONVERSION = YES;
				CLANG_WARN_DEPRECATED_OBJC_IMPLEMENTATIONS = YES;
				CLANG_WARN_DIRECT_OBJC_ISA_USAGE = YES_ERROR;
				CLANG_WARN_DOCUMENTATION_COMMENTS = YES;
				CLANG_WARN_EMPTY_BODY = YES;
				CLANG_WARN_ENUM_CONVERSION = YES;
				CLANG_WARN_INFINITE_RECURSION = YES;
				CLANG_WARN_INT_CONVERSION = YES;
				CLANG_WARN_NON_LITERAL_NULL_CONVERSION = YES;
				CLANG_WARN_OBJC_IMPLICIT_RETAIN_SELF = YES;
				CLANG_WARN_OBJC_LITERAL_CONVERSION = YES;
				CLANG_WARN_OBJC_ROOT_CLASS = YES_ERROR;
				CLANG_WARN_QUOTED_INCLUDE_IN_FRAMEWORK_HEADER = YES;
				CLANG_WARN_RANGE_LOOP_ANALYSIS = YES;
				CLANG_WARN_STRICT_PROTOTYPES = YES;
				CLANG_WARN_SUSPICIOUS_MOVE = YES;
				CLANG_WARN_UNGUARDED_AVAILABILITY = YES_AGGRESSIVE;
				CLANG_WARN_UNREACHABLE_CODE = YES;
				CLANG_WARN__DUPLICATE_METHOD_MATCH = YES;
				COPY_PHASE_STRIP = NO;
				DEBUG_INFORMATION_FORMAT = dwarf;
				ENABLE_STRICT_OBJC_MSGSEND = YES;
				ENABLE_TESTABILITY = YES;
				GCC_C_LANGUAGE_STANDARD = gnu11;
				GCC_DYNAMIC_NO_PIC = NO;
				GCC_NO_COMMON_BLOCKS = YES;
				GCC_OPTIMIZATION_LEVEL = 0;
				GCC_PREPROCESSOR_DEFINITIONS = (
					"DEBUG=1",
					"$(inherited)",
				);
				GCC_WARN_64_TO_32_BIT_CONVERSION = YES;
				GCC_WARN_ABOUT_RETURN_TYPE = YES_ERROR;
				GCC_WARN_UNDECLARED_SELECTOR = YES;
				GCC_WARN_UNINITIALIZED_AUTOS = YES_AGGRESSIVE;
				GCC_WARN_UNUSED_FUNCTION = YES;
				GCC_WARN_UNUSED_VARIABLE = YES;
				IPHONEOS_DEPLOYMENT_TARGET = 15.4;
				MTL_ENABLE_DEBUG_INFO = INCLUDE_SOURCE;
				MTL_FAST_MATH = YES;
				ONLY_ACTIVE_ARCH = YES;
				SDKROOT = iphoneos;
				SWIFT_ACTIVE_COMPILATION_CONDITIONS = DEBUG;
				SWIFT_OPTIMIZATION_LEVEL = "-Onone";
			};
			name = Debug;
		};
		79F6FB912808181D00A91EEE /* Release */ = {
			isa = XCBuildConfiguration;
			buildSettings = {
				ALWAYS_SEARCH_USER_PATHS = NO;
				CLANG_ANALYZER_NONNULL = YES;
				CLANG_ANALYZER_NUMBER_OBJECT_CONVERSION = YES_AGGRESSIVE;
				CLANG_CXX_LANGUAGE_STANDARD = "gnu++17";
				CLANG_ENABLE_MODULES = YES;
				CLANG_ENABLE_OBJC_ARC = YES;
				CLANG_ENABLE_OBJC_WEAK = YES;
				CLANG_WARN_BLOCK_CAPTURE_AUTORELEASING = YES;
				CLANG_WARN_BOOL_CONVERSION = YES;
				CLANG_WARN_COMMA = YES;
				CLANG_WARN_CONSTANT_CONVERSION = YES;
				CLANG_WARN_DEPRECATED_OBJC_IMPLEMENTATIONS = YES;
				CLANG_WARN_DIRECT_OBJC_ISA_USAGE = YES_ERROR;
				CLANG_WARN_DOCUMENTATION_COMMENTS = YES;
				CLANG_WARN_EMPTY_BODY = YES;
				CLANG_WARN_ENUM_CONVERSION = YES;
				CLANG_WARN_INFINITE_RECURSION = YES;
				CLANG_WARN_INT_CONVERSION = YES;
				CLANG_WARN_NON_LITERAL_NULL_CONVERSION = YES;
				CLANG_WARN_OBJC_IMPLICIT_RETAIN_SELF = YES;
				CLANG_WARN_OBJC_LITERAL_CONVERSION = YES;
				CLANG_WARN_OBJC_ROOT_CLASS = YES_ERROR;
				CLANG_WARN_QUOTED_INCLUDE_IN_FRAMEWORK_HEADER = YES;
				CLANG_WARN_RANGE_LOOP_ANALYSIS = YES;
				CLANG_WARN_STRICT_PROTOTYPES = YES;
				CLANG_WARN_SUSPICIOUS_MOVE = YES;
				CLANG_WARN_UNGUARDED_AVAILABILITY = YES_AGGRESSIVE;
				CLANG_WARN_UNREACHABLE_CODE = YES;
				CLANG_WARN__DUPLICATE_METHOD_MATCH = YES;
				COPY_PHASE_STRIP = NO;
				DEBUG_INFORMATION_FORMAT = "dwarf-with-dsym";
				ENABLE_NS_ASSERTIONS = NO;
				ENABLE_STRICT_OBJC_MSGSEND = YES;
				GCC_C_LANGUAGE_STANDARD = gnu11;
				GCC_NO_COMMON_BLOCKS = YES;
				GCC_WARN_64_TO_32_BIT_CONVERSION = YES;
				GCC_WARN_ABOUT_RETURN_TYPE = YES_ERROR;
				GCC_WARN_UNDECLARED_SELECTOR = YES;
				GCC_WARN_UNINITIALIZED_AUTOS = YES_AGGRESSIVE;
				GCC_WARN_UNUSED_FUNCTION = YES;
				GCC_WARN_UNUSED_VARIABLE = YES;
				IPHONEOS_DEPLOYMENT_TARGET = 15.4;
				MTL_ENABLE_DEBUG_INFO = NO;
				MTL_FAST_MATH = YES;
				SDKROOT = iphoneos;
				SWIFT_COMPILATION_MODE = wholemodule;
				SWIFT_OPTIMIZATION_LEVEL = "-O";
				VALIDATE_PRODUCT = YES;
			};
			name = Release;
		};
		79F6FB932808181D00A91EEE /* Debug */ = {
			isa = XCBuildConfiguration;
			buildSettings = {
				ASSETCATALOG_COMPILER_APPICON_NAME = AppIcon;
				ASSETCATALOG_COMPILER_GLOBAL_ACCENT_COLOR_NAME = AccentColor;
				CODE_SIGN_STYLE = Automatic;
				CURRENT_PROJECT_VERSION = 1;
				DEVELOPMENT_TEAM = G639TCDRRY;
				GENERATE_INFOPLIST_FILE = YES;
				INFOPLIST_FILE = Task/Info.plist;
				INFOPLIST_KEY_UIApplicationSupportsIndirectInputEvents = YES;
				INFOPLIST_KEY_UILaunchStoryboardName = LaunchScreen;
				INFOPLIST_KEY_UIMainStoryboardFile = Main;
				INFOPLIST_KEY_UISupportedInterfaceOrientations_iPad = "UIInterfaceOrientationPortrait UIInterfaceOrientationPortraitUpsideDown UIInterfaceOrientationLandscapeLeft UIInterfaceOrientationLandscapeRight";
				INFOPLIST_KEY_UISupportedInterfaceOrientations_iPhone = "UIInterfaceOrientationPortrait UIInterfaceOrientationLandscapeLeft UIInterfaceOrientationLandscapeRight";
				LD_RUNPATH_SEARCH_PATHS = (
					"$(inherited)",
					"@executable_path/Frameworks",
				);
				MARKETING_VERSION = 1.0;
				PRODUCT_BUNDLE_IDENTIFIER = com.mtzendo.Task;
				PRODUCT_NAME = "$(TARGET_NAME)";
				SWIFT_EMIT_LOC_STRINGS = YES;
				SWIFT_VERSION = 5.0;
				TARGETED_DEVICE_FAMILY = "1,2";
			};
			name = Debug;
		};
		79F6FB942808181D00A91EEE /* Release */ = {
			isa = XCBuildConfiguration;
			buildSettings = {
				ASSETCATALOG_COMPILER_APPICON_NAME = AppIcon;
				ASSETCATALOG_COMPILER_GLOBAL_ACCENT_COLOR_NAME = AccentColor;
				CODE_SIGN_STYLE = Automatic;
				CURRENT_PROJECT_VERSION = 1;
				DEVELOPMENT_TEAM = G639TCDRRY;
				GENERATE_INFOPLIST_FILE = YES;
				INFOPLIST_FILE = Task/Info.plist;
				INFOPLIST_KEY_UIApplicationSupportsIndirectInputEvents = YES;
				INFOPLIST_KEY_UILaunchStoryboardName = LaunchScreen;
				INFOPLIST_KEY_UIMainStoryboardFile = Main;
				INFOPLIST_KEY_UISupportedInterfaceOrientations_iPad = "UIInterfaceOrientationPortrait UIInterfaceOrientationPortraitUpsideDown UIInterfaceOrientationLandscapeLeft UIInterfaceOrientationLandscapeRight";
				INFOPLIST_KEY_UISupportedInterfaceOrientations_iPhone = "UIInterfaceOrientationPortrait UIInterfaceOrientationLandscapeLeft UIInterfaceOrientationLandscapeRight";
				LD_RUNPATH_SEARCH_PATHS = (
					"$(inherited)",
					"@executable_path/Frameworks",
				);
				MARKETING_VERSION = 1.0;
				PRODUCT_BUNDLE_IDENTIFIER = com.mtzendo.Task;
				PRODUCT_NAME = "$(TARGET_NAME)";
				SWIFT_EMIT_LOC_STRINGS = YES;
				SWIFT_VERSION = 5.0;
				TARGETED_DEVICE_FAMILY = "1,2";
			};
			name = Release;
		};
		79F6FB962808181D00A91EEE /* Debug */ = {
			isa = XCBuildConfiguration;
			buildSettings = {
				ALWAYS_EMBED_SWIFT_STANDARD_LIBRARIES = YES;
				BUNDLE_LOADER = "$(TEST_HOST)";
				CODE_SIGN_STYLE = Automatic;
				CURRENT_PROJECT_VERSION = 1;
				DEVELOPMENT_TEAM = G639TCDRRY;
				GENERATE_INFOPLIST_FILE = YES;
				IPHONEOS_DEPLOYMENT_TARGET = 15.4;
				MARKETING_VERSION = 1.0;
				PRODUCT_BUNDLE_IDENTIFIER = com.mtzendo.TaskTests;
				PRODUCT_NAME = "$(TARGET_NAME)";
				SWIFT_EMIT_LOC_STRINGS = NO;
				SWIFT_VERSION = 5.0;
				TARGETED_DEVICE_FAMILY = "1,2";
				TEST_HOST = "$(BUILT_PRODUCTS_DIR)/Task.app/Task";
			};
			name = Debug;
		};
		79F6FB972808181D00A91EEE /* Release */ = {
			isa = XCBuildConfiguration;
			buildSettings = {
				ALWAYS_EMBED_SWIFT_STANDARD_LIBRARIES = YES;
				BUNDLE_LOADER = "$(TEST_HOST)";
				CODE_SIGN_STYLE = Automatic;
				CURRENT_PROJECT_VERSION = 1;
				DEVELOPMENT_TEAM = G639TCDRRY;
				GENERATE_INFOPLIST_FILE = YES;
				IPHONEOS_DEPLOYMENT_TARGET = 15.4;
				MARKETING_VERSION = 1.0;
				PRODUCT_BUNDLE_IDENTIFIER = com.mtzendo.TaskTests;
				PRODUCT_NAME = "$(TARGET_NAME)";
				SWIFT_EMIT_LOC_STRINGS = NO;
				SWIFT_VERSION = 5.0;
				TARGETED_DEVICE_FAMILY = "1,2";
				TEST_HOST = "$(BUILT_PRODUCTS_DIR)/Task.app/Task";
			};
			name = Release;
		};
		79F6FB992808181D00A91EEE /* Debug */ = {
			isa = XCBuildConfiguration;
			buildSettings = {
				ALWAYS_EMBED_SWIFT_STANDARD_LIBRARIES = YES;
				CODE_SIGN_STYLE = Automatic;
				CURRENT_PROJECT_VERSION = 1;
				DEVELOPMENT_TEAM = G639TCDRRY;
				GENERATE_INFOPLIST_FILE = YES;
				MARKETING_VERSION = 1.0;
				PRODUCT_BUNDLE_IDENTIFIER = com.mtzendo.TaskUITests;
				PRODUCT_NAME = "$(TARGET_NAME)";
				SWIFT_EMIT_LOC_STRINGS = NO;
				SWIFT_VERSION = 5.0;
				TARGETED_DEVICE_FAMILY = "1,2";
				TEST_TARGET_NAME = Task;
			};
			name = Debug;
		};
		79F6FB9A2808181D00A91EEE /* Release */ = {
			isa = XCBuildConfiguration;
			buildSettings = {
				ALWAYS_EMBED_SWIFT_STANDARD_LIBRARIES = YES;
				CODE_SIGN_STYLE = Automatic;
				CURRENT_PROJECT_VERSION = 1;
				DEVELOPMENT_TEAM = G639TCDRRY;
				GENERATE_INFOPLIST_FILE = YES;
				MARKETING_VERSION = 1.0;
				PRODUCT_BUNDLE_IDENTIFIER = com.mtzendo.TaskUITests;
				PRODUCT_NAME = "$(TARGET_NAME)";
				SWIFT_EMIT_LOC_STRINGS = NO;
				SWIFT_VERSION = 5.0;
				TARGETED_DEVICE_FAMILY = "1,2";
				TEST_TARGET_NAME = Task;
			};
			name = Release;
		};
/* End XCBuildConfiguration section */

/* Begin XCConfigurationList section */
		79F6FB602808181D00A91EEE /* Build configuration list for PBXProject "Task" */ = {
			isa = XCConfigurationList;
			buildConfigurations = (
				79F6FB902808181D00A91EEE /* Debug */,
				79F6FB912808181D00A91EEE /* Release */,
			);
			defaultConfigurationIsVisible = 0;
			defaultConfigurationName = Release;
		};
		79F6FB922808181D00A91EEE /* Build configuration list for PBXNativeTarget "Task" */ = {
			isa = XCConfigurationList;
			buildConfigurations = (
				79F6FB932808181D00A91EEE /* Debug */,
				79F6FB942808181D00A91EEE /* Release */,
			);
			defaultConfigurationIsVisible = 0;
			defaultConfigurationName = Release;
		};
		79F6FB952808181D00A91EEE /* Build configuration list for PBXNativeTarget "TaskTests" */ = {
			isa = XCConfigurationList;
			buildConfigurations = (
				79F6FB962808181D00A91EEE /* Debug */,
				79F6FB972808181D00A91EEE /* Release */,
			);
			defaultConfigurationIsVisible = 0;
			defaultConfigurationName = Release;
		};
		79F6FB982808181D00A91EEE /* Build configuration list for PBXNativeTarget "TaskUITests" */ = {
			isa = XCConfigurationList;
			buildConfigurations = (
				79F6FB992808181D00A91EEE /* Debug */,
				79F6FB9A2808181D00A91EEE /* Release */,
			);
			defaultConfigurationIsVisible = 0;
			defaultConfigurationName = Release;
		};
/* End XCConfigurationList section */

/* Begin XCVersionGroup section */
		79F6FB712808181D00A91EEE /* Task.xcdatamodeld */ = {
			isa = XCVersionGroup;
			children = (
				79F6FB722808181D00A91EEE /* Task.xcdatamodel */,
			);
			currentVersion = 79F6FB722808181D00A91EEE /* Task.xcdatamodel */;
			path = Task.xcdatamodeld;
			sourceTree = "<group>";
			versionGroupType = wrapper.xcdatamodel;
		};
/* End XCVersionGroup section */
	};
	rootObject = 79F6FB5D2808181D00A91EEE /* Project object */;
}
