// !$*UTF8*$!
{
	archiveVersion = 1;
	classes = {
	};
	objectVersion = 55;
	objects = {

/* Begin PBXBuildFile section */
		7995E878280818E7005CCF9F /* TaskApp.swift in Sources */ = {isa = PBXBuildFile; fileRef = 7995E877280818E7005CCF9F /* TaskApp.swift */; };
		7995E87A280818E7005CCF9F /* ContentView.swift in Sources */ = {isa = PBXBuildFile; fileRef = 7995E879280818E7005CCF9F /* ContentView.swift */; };
		7995E87C280818E7005CCF9F /* Assets.xcassets in Resources */ = {isa = PBXBuildFile; fileRef = 7995E87B280818E7005CCF9F /* Assets.xcassets */; };
		7995E87F280818E7005CCF9F /* Preview Assets.xcassets in Resources */ = {isa = PBXBuildFile; fileRef = 7995E87E280818E7005CCF9F /* Preview Assets.xcassets */; };
		7995E881280818E7005CCF9F /* Persistence.swift in Sources */ = {isa = PBXBuildFile; fileRef = 7995E880280818E7005CCF9F /* Persistence.swift */; };
		7995E884280818E7005CCF9F /* Task.xcdatamodeld in Sources */ = {isa = PBXBuildFile; fileRef = 7995E882280818E7005CCF9F /* Task.xcdatamodeld */; };
		7995E88E280818E8005CCF9F /* TaskTests.swift in Sources */ = {isa = PBXBuildFile; fileRef = 7995E88D280818E8005CCF9F /* TaskTests.swift */; };
		7995E898280818E8005CCF9F /* TaskUITests.swift in Sources */ = {isa = PBXBuildFile; fileRef = 7995E897280818E8005CCF9F /* TaskUITests.swift */; };
		7995E89A280818E8005CCF9F /* TaskUITestsLaunchTests.swift in Sources */ = {isa = PBXBuildFile; fileRef = 7995E899280818E8005CCF9F /* TaskUITestsLaunchTests.swift */; };
		7995E8A828081BA9005CCF9F /* Task.swift in Sources */ = {isa = PBXBuildFile; fileRef = 7995E8A728081BA9005CCF9F /* Task.swift */; };
		7995E8AC28081E19005CCF9F /* TaskViewModel.swift in Sources */ = {isa = PBXBuildFile; fileRef = 7995E8AB28081E19005CCF9F /* TaskViewModel.swift */; };
		7995E8AE28081EDE005CCF9F /* HomeView.swift in Sources */ = {isa = PBXBuildFile; fileRef = 7995E8AD28081EDE005CCF9F /* HomeView.swift */; };
		79D5A3B128094F88007AFF0E /* Media.xcassets in Resources */ = {isa = PBXBuildFile; fileRef = 79D5A3B028094F88007AFF0E /* Media.xcassets */; };
/* End PBXBuildFile section */

/* Begin PBXContainerItemProxy section */
		7995E88A280818E7005CCF9F /* PBXContainerItemProxy */ = {
			isa = PBXContainerItemProxy;
			containerPortal = 7995E86C280818E7005CCF9F /* Project object */;
			proxyType = 1;
			remoteGlobalIDString = 7995E873280818E7005CCF9F;
			remoteInfo = Task;
		};
		7995E894280818E8005CCF9F /* PBXContainerItemProxy */ = {
			isa = PBXContainerItemProxy;
			containerPortal = 7995E86C280818E7005CCF9F /* Project object */;
			proxyType = 1;
			remoteGlobalIDString = 7995E873280818E7005CCF9F;
			remoteInfo = Task;
		};
/* End PBXContainerItemProxy section */

/* Begin PBXFileReference section */
		7995E874280818E7005CCF9F /* Task.app */ = {isa = PBXFileReference; explicitFileType = wrapper.application; includeInIndex = 0; path = Task.app; sourceTree = BUILT_PRODUCTS_DIR; };
		7995E877280818E7005CCF9F /* TaskApp.swift */ = {isa = PBXFileReference; lastKnownFileType = sourcecode.swift; path = TaskApp.swift; sourceTree = "<group>"; };
		7995E879280818E7005CCF9F /* ContentView.swift */ = {isa = PBXFileReference; lastKnownFileType = sourcecode.swift; path = ContentView.swift; sourceTree = "<group>"; };
		7995E87B280818E7005CCF9F /* Assets.xcassets */ = {isa = PBXFileReference; lastKnownFileType = folder.assetcatalog; path = Assets.xcassets; sourceTree = "<group>"; };
		7995E87E280818E7005CCF9F /* Preview Assets.xcassets */ = {isa = PBXFileReference; lastKnownFileType = folder.assetcatalog; path = "Preview Assets.xcassets"; sourceTree = "<group>"; };
		7995E880280818E7005CCF9F /* Persistence.swift */ = {isa = PBXFileReference; lastKnownFileType = sourcecode.swift; path = Persistence.swift; sourceTree = "<group>"; };
		7995E883280818E7005CCF9F /* Task.xcdatamodel */ = {isa = PBXFileReference; lastKnownFileType = wrapper.xcdatamodel; path = Task.xcdatamodel; sourceTree = "<group>"; };
		7995E889280818E7005CCF9F /* TaskTests.xctest */ = {isa = PBXFileReference; explicitFileType = wrapper.cfbundle; includeInIndex = 0; path = TaskTests.xctest; sourceTree = BUILT_PRODUCTS_DIR; };
		7995E88D280818E8005CCF9F /* TaskTests.swift */ = {isa = PBXFileReference; lastKnownFileType = sourcecode.swift; path = TaskTests.swift; sourceTree = "<group>"; };
		7995E893280818E8005CCF9F /* TaskUITests.xctest */ = {isa = PBXFileReference; explicitFileType = wrapper.cfbundle; includeInIndex = 0; path = TaskUITests.xctest; sourceTree = BUILT_PRODUCTS_DIR; };
		7995E897280818E8005CCF9F /* TaskUITests.swift */ = {isa = PBXFileReference; lastKnownFileType = sourcecode.swift; path = TaskUITests.swift; sourceTree = "<group>"; };
		7995E899280818E8005CCF9F /* TaskUITestsLaunchTests.swift */ = {isa = PBXFileReference; lastKnownFileType = sourcecode.swift; path = TaskUITestsLaunchTests.swift; sourceTree = "<group>"; };
		7995E8A728081BA9005CCF9F /* Task.swift */ = {isa = PBXFileReference; lastKnownFileType = sourcecode.swift; path = Task.swift; sourceTree = "<group>"; };
		7995E8AB28081E19005CCF9F /* TaskViewModel.swift */ = {isa = PBXFileReference; lastKnownFileType = sourcecode.swift; path = TaskViewModel.swift; sourceTree = "<group>"; };
		7995E8AD28081EDE005CCF9F /* HomeView.swift */ = {isa = PBXFileReference; lastKnownFileType = sourcecode.swift; path = HomeView.swift; sourceTree = "<group>"; };
		79D5A3B028094F88007AFF0E /* Media.xcassets */ = {isa = PBXFileReference; lastKnownFileType = folder.assetcatalog; path = Media.xcassets; sourceTree = "<group>"; };
/* End PBXFileReference section */

/* Begin PBXFrameworksBuildPhase section */
		7995E871280818E7005CCF9F /* Frameworks */ = {
			isa = PBXFrameworksBuildPhase;
			buildActionMask = 2147483647;
			files = (
			);
			runOnlyForDeploymentPostprocessing = 0;
		};
		7995E886280818E7005CCF9F /* Frameworks */ = {
			isa = PBXFrameworksBuildPhase;
			buildActionMask = 2147483647;
			files = (
			);
			runOnlyForDeploymentPostprocessing = 0;
		};
		7995E890280818E8005CCF9F /* Frameworks */ = {
			isa = PBXFrameworksBuildPhase;
			buildActionMask = 2147483647;
			files = (
			);
			runOnlyForDeploymentPostprocessing = 0;
		};
/* End PBXFrameworksBuildPhase section */

/* Begin PBXGroup section */
		7995E86B280818E7005CCF9F = {
			isa = PBXGroup;
			children = (
				7995E876280818E7005CCF9F /* Task */,
				7995E88C280818E8005CCF9F /* TaskTests */,
				7995E896280818E8005CCF9F /* TaskUITests */,
				7995E875280818E7005CCF9F /* Products */,
			);
			sourceTree = "<group>";
		};
		7995E875280818E7005CCF9F /* Products */ = {
			isa = PBXGroup;
			children = (
				7995E874280818E7005CCF9F /* Task.app */,
				7995E889280818E7005CCF9F /* TaskTests.xctest */,
				7995E893280818E8005CCF9F /* TaskUITests.xctest */,
			);
			name = Products;
			sourceTree = "<group>";
		};
		7995E876280818E7005CCF9F /* Task */ = {
			isa = PBXGroup;
			children = (
				7995E8AA28081C02005CCF9F /* ViewModel */,
				7995E8A928081BB1005CCF9F /* View */,
				7995E8A628081B9E005CCF9F /* Model */,
				7995E877280818E7005CCF9F /* TaskApp.swift */,
				7995E879280818E7005CCF9F /* ContentView.swift */,
				7995E87B280818E7005CCF9F /* Assets.xcassets */,
				7995E880280818E7005CCF9F /* Persistence.swift */,
				7995E882280818E7005CCF9F /* Task.xcdatamodeld */,
				7995E87D280818E7005CCF9F /* Preview Content */,
				79D5A3B028094F88007AFF0E /* Media.xcassets */,
			);
			path = Task;
			sourceTree = "<group>";
		};
		7995E87D280818E7005CCF9F /* Preview Content */ = {
			isa = PBXGroup;
			children = (
				7995E87E280818E7005CCF9F /* Preview Assets.xcassets */,
			);
			path = "Preview Content";
			sourceTree = "<group>";
		};
		7995E88C280818E8005CCF9F /* TaskTests */ = {
			isa = PBXGroup;
			children = (
				7995E88D280818E8005CCF9F /* TaskTests.swift */,
			);
			path = TaskTests;
			sourceTree = "<group>";
		};
		7995E896280818E8005CCF9F /* TaskUITests */ = {
			isa = PBXGroup;
			children = (
				7995E897280818E8005CCF9F /* TaskUITests.swift */,
				7995E899280818E8005CCF9F /* TaskUITestsLaunchTests.swift */,
			);
			path = TaskUITests;
			sourceTree = "<group>";
		};
		7995E8A628081B9E005CCF9F /* Model */ = {
			isa = PBXGroup;
			children = (
				7995E8A728081BA9005CCF9F /* Task.swift */,
			);
			path = Model;
			sourceTree = "<group>";
		};
		7995E8A928081BB1005CCF9F /* View */ = {
			isa = PBXGroup;
			children = (
				7995E8AD28081EDE005CCF9F /* HomeView.swift */,
			);
			path = View;
			sourceTree = "<group>";
		};
		7995E8AA28081C02005CCF9F /* ViewModel */ = {
			isa = PBXGroup;
			children = (
				7995E8AB28081E19005CCF9F /* TaskViewModel.swift */,
			);
			path = ViewModel;
			sourceTree = "<group>";
		};
/* End PBXGroup section */

/* Begin PBXNativeTarget section */
		7995E873280818E7005CCF9F /* Task */ = {
			isa = PBXNativeTarget;
			buildConfigurationList = 7995E89D280818E8005CCF9F /* Build configuration list for PBXNativeTarget "Task" */;
			buildPhases = (
				7995E870280818E7005CCF9F /* Sources */,
				7995E871280818E7005CCF9F /* Frameworks */,
				7995E872280818E7005CCF9F /* Resources */,
			);
			buildRules = (
			);
			dependencies = (
			);
			name = Task;
			productName = Task;
			productReference = 7995E874280818E7005CCF9F /* Task.app */;
			productType = "com.apple.product-type.application";
		};
		7995E888280818E7005CCF9F /* TaskTests */ = {
			isa = PBXNativeTarget;
			buildConfigurationList = 7995E8A0280818E8005CCF9F /* Build configuration list for PBXNativeTarget "TaskTests" */;
			buildPhases = (
				7995E885280818E7005CCF9F /* Sources */,
				7995E886280818E7005CCF9F /* Frameworks */,
				7995E887280818E7005CCF9F /* Resources */,
			);
			buildRules = (
			);
			dependencies = (
				7995E88B280818E7005CCF9F /* PBXTargetDependency */,
			);
			name = TaskTests;
			productName = TaskTests;
			productReference = 7995E889280818E7005CCF9F /* TaskTests.xctest */;
			productType = "com.apple.product-type.bundle.unit-test";
		};
		7995E892280818E8005CCF9F /* TaskUITests */ = {
			isa = PBXNativeTarget;
			buildConfigurationList = 7995E8A3280818E8005CCF9F /* Build configuration list for PBXNativeTarget "TaskUITests" */;
			buildPhases = (
				7995E88F280818E8005CCF9F /* Sources */,
				7995E890280818E8005CCF9F /* Frameworks */,
				7995E891280818E8005CCF9F /* Resources */,
			);
			buildRules = (
			);
			dependencies = (
				7995E895280818E8005CCF9F /* PBXTargetDependency */,
			);
			name = TaskUITests;
			productName = TaskUITests;
			productReference = 7995E893280818E8005CCF9F /* TaskUITests.xctest */;
			productType = "com.apple.product-type.bundle.ui-testing";
		};
/* End PBXNativeTarget section */

/* Begin PBXProject section */
		7995E86C280818E7005CCF9F /* Project object */ = {
			isa = PBXProject;
			attributes = {
				BuildIndependentTargetsInParallel = 1;
				LastSwiftUpdateCheck = 1330;
				LastUpgradeCheck = 1330;
				TargetAttributes = {
					7995E873280818E7005CCF9F = {
						CreatedOnToolsVersion = 13.3.1;
					};
					7995E888280818E7005CCF9F = {
						CreatedOnToolsVersion = 13.3.1;
						TestTargetID = 7995E873280818E7005CCF9F;
					};
					7995E892280818E8005CCF9F = {
						CreatedOnToolsVersion = 13.3.1;
						TestTargetID = 7995E873280818E7005CCF9F;
					};
				};
			};
			buildConfigurationList = 7995E86F280818E7005CCF9F /* Build configuration list for PBXProject "Task" */;
			compatibilityVersion = "Xcode 13.0";
			developmentRegion = en;
			hasScannedForEncodings = 0;
			knownRegions = (
				en,
				Base,
			);
			mainGroup = 7995E86B280818E7005CCF9F;
			productRefGroup = 7995E875280818E7005CCF9F /* Products */;
			projectDirPath = "";
			projectRoot = "";
			targets = (
				7995E873280818E7005CCF9F /* Task */,
				7995E888280818E7005CCF9F /* TaskTests */,
				7995E892280818E8005CCF9F /* TaskUITests */,
			);
		};
/* End PBXProject section */

/* Begin PBXResourcesBuildPhase section */
		7995E872280818E7005CCF9F /* Resources */ = {
			isa = PBXResourcesBuildPhase;
			buildActionMask = 2147483647;
			files = (
				7995E87F280818E7005CCF9F /* Preview Assets.xcassets in Resources */,
				79D5A3B128094F88007AFF0E /* Media.xcassets in Resources */,
				7995E87C280818E7005CCF9F /* Assets.xcassets in Resources */,
			);
			runOnlyForDeploymentPostprocessing = 0;
		};
		7995E887280818E7005CCF9F /* Resources */ = {
			isa = PBXResourcesBuildPhase;
			buildActionMask = 2147483647;
			files = (
			);
			runOnlyForDeploymentPostprocessing = 0;
		};
		7995E891280818E8005CCF9F /* Resources */ = {
			isa = PBXResourcesBuildPhase;
			buildActionMask = 2147483647;
			files = (
			);
			runOnlyForDeploymentPostprocessing = 0;
		};
/* End PBXResourcesBuildPhase section */

/* Begin PBXSourcesBuildPhase section */
		7995E870280818E7005CCF9F /* Sources */ = {
			isa = PBXSourcesBuildPhase;
			buildActionMask = 2147483647;
			files = (
				7995E884280818E7005CCF9F /* Task.xcdatamodeld in Sources */,
				7995E8AE28081EDE005CCF9F /* HomeView.swift in Sources */,
				7995E8AC28081E19005CCF9F /* TaskViewModel.swift in Sources */,
				7995E881280818E7005CCF9F /* Persistence.swift in Sources */,
				7995E8A828081BA9005CCF9F /* Task.swift in Sources */,
				7995E87A280818E7005CCF9F /* ContentView.swift in Sources */,
				7995E878280818E7005CCF9F /* TaskApp.swift in Sources */,
			);
			runOnlyForDeploymentPostprocessing = 0;
		};
		7995E885280818E7005CCF9F /* Sources */ = {
			isa = PBXSourcesBuildPhase;
			buildActionMask = 2147483647;
			files = (
				7995E88E280818E8005CCF9F /* TaskTests.swift in Sources */,
			);
			runOnlyForDeploymentPostprocessing = 0;
		};
		7995E88F280818E8005CCF9F /* Sources */ = {
			isa = PBXSourcesBuildPhase;
			buildActionMask = 2147483647;
			files = (
				7995E898280818E8005CCF9F /* TaskUITests.swift in Sources */,
				7995E89A280818E8005CCF9F /* TaskUITestsLaunchTests.swift in Sources */,
			);
			runOnlyForDeploymentPostprocessing = 0;
		};
/* End PBXSourcesBuildPhase section */

/* Begin PBXTargetDependency section */
		7995E88B280818E7005CCF9F /* PBXTargetDependency */ = {
			isa = PBXTargetDependency;
			target = 7995E873280818E7005CCF9F /* Task */;
			targetProxy = 7995E88A280818E7005CCF9F /* PBXContainerItemProxy */;
		};
		7995E895280818E8005CCF9F /* PBXTargetDependency */ = {
			isa = PBXTargetDependency;
			target = 7995E873280818E7005CCF9F /* Task */;
			targetProxy = 7995E894280818E8005CCF9F /* PBXContainerItemProxy */;
		};
/* End PBXTargetDependency section */

/* Begin XCBuildConfiguration section */
		7995E89B280818E8005CCF9F /* Debug */ = {
			isa = XCBuildConfiguration;
			buildSettings = {
				ALWAYS_SEARCH_USER_PATHS = NO;
				CLANG_ANALYZER_NONNULL = YES;
				CLANG_ANALYZER_NUMBER_OBJECT_CONVERSION = YES_AGGRESSIVE;
				CLANG_CXX_LANGUAGE_STANDARD = "gnu++17";
				CLANG_ENABLE_MODULES = YES;
				CLANG_ENABLE_OBJC_ARC = YES;
				CLANG_ENABLE_OBJC_WEAK = YES;
				CLANG_WARN_BLOCK_CAPTURE_AUTORELEASING = YES;
				CLANG_WARN_BOOL_CONVERSION = YES;
				CLANG_WARN_COMMA = YES;
				CLANG_WARN_CONSTANT_CONVERSION = YES;
				CLANG_WARN_DEPRECATED_OBJC_IMPLEMENTATIONS = YES;
				CLANG_WARN_DIRECT_OBJC_ISA_USAGE = YES_ERROR;
				CLANG_WARN_DOCUMENTATION_COMMENTS = YES;
				CLANG_WARN_EMPTY_BODY = YES;
				CLANG_WARN_ENUM_CONVERSION = YES;
				CLANG_WARN_INFINITE_RECURSION = YES;
				CLANG_WARN_INT_CONVERSION = YES;
				CLANG_WARN_NON_LITERAL_NULL_CONVERSION = YES;
				CLANG_WARN_OBJC_IMPLICIT_RETAIN_SELF = YES;
				CLANG_WARN_OBJC_LITERAL_CONVERSION = YES;
				CLANG_WARN_OBJC_ROOT_CLASS = YES_ERROR;
				CLANG_WARN_QUOTED_INCLUDE_IN_FRAMEWORK_HEADER = YES;
				CLANG_WARN_RANGE_LOOP_ANALYSIS = YES;
				CLANG_WARN_STRICT_PROTOTYPES = YES;
				CLANG_WARN_SUSPICIOUS_MOVE = YES;
				CLANG_WARN_UNGUARDED_AVAILABILITY = YES_AGGRESSIVE;
				CLANG_WARN_UNREACHABLE_CODE = YES;
				CLANG_WARN__DUPLICATE_METHOD_MATCH = YES;
				COPY_PHASE_STRIP = NO;
				DEBUG_INFORMATION_FORMAT = dwarf;
				ENABLE_STRICT_OBJC_MSGSEND = YES;
				ENABLE_TESTABILITY = YES;
				GCC_C_LANGUAGE_STANDARD = gnu11;
				GCC_DYNAMIC_NO_PIC = NO;
				GCC_NO_COMMON_BLOCKS = YES;
				GCC_OPTIMIZATION_LEVEL = 0;
				GCC_PREPROCESSOR_DEFINITIONS = (
					"DEBUG=1",
					"$(inherited)",
				);
				GCC_WARN_64_TO_32_BIT_CONVERSION = YES;
				GCC_WARN_ABOUT_RETURN_TYPE = YES_ERROR;
				GCC_WARN_UNDECLARED_SELECTOR = YES;
				GCC_WARN_UNINITIALIZED_AUTOS = YES_AGGRESSIVE;
				GCC_WARN_UNUSED_FUNCTION = YES;
				GCC_WARN_UNUSED_VARIABLE = YES;
				IPHONEOS_DEPLOYMENT_TARGET = 15.4;
				MTL_ENABLE_DEBUG_INFO = INCLUDE_SOURCE;
				MTL_FAST_MATH = YES;
				ONLY_ACTIVE_ARCH = YES;
				SDKROOT = iphoneos;
				SWIFT_ACTIVE_COMPILATION_CONDITIONS = DEBUG;
				SWIFT_OPTIMIZATION_LEVEL = "-Onone";
			};
			name = Debug;
		};
		7995E89C280818E8005CCF9F /* Release */ = {
			isa = XCBuildConfiguration;
			buildSettings = {
				ALWAYS_SEARCH_USER_PATHS = NO;
				CLANG_ANALYZER_NONNULL = YES;
				CLANG_ANALYZER_NUMBER_OBJECT_CONVERSION = YES_AGGRESSIVE;
				CLANG_CXX_LANGUAGE_STANDARD = "gnu++17";
				CLANG_ENABLE_MODULES = YES;
				CLANG_ENABLE_OBJC_ARC = YES;
				CLANG_ENABLE_OBJC_WEAK = YES;
				CLANG_WARN_BLOCK_CAPTURE_AUTORELEASING = YES;
				CLANG_WARN_BOOL_CONVERSION = YES;
				CLANG_WARN_COMMA = YES;
				CLANG_WARN_CONSTANT_CONVERSION = YES;
				CLANG_WARN_DEPRECATED_OBJC_IMPLEMENTATIONS = YES;
				CLANG_WARN_DIRECT_OBJC_ISA_USAGE = YES_ERROR;
				CLANG_WARN_DOCUMENTATION_COMMENTS = YES;
				CLANG_WARN_EMPTY_BODY = YES;
				CLANG_WARN_ENUM_CONVERSION = YES;
				CLANG_WARN_INFINITE_RECURSION = YES;
				CLANG_WARN_INT_CONVERSION = YES;
				CLANG_WARN_NON_LITERAL_NULL_CONVERSION = YES;
				CLANG_WARN_OBJC_IMPLICIT_RETAIN_SELF = YES;
				CLANG_WARN_OBJC_LITERAL_CONVERSION = YES;
				CLANG_WARN_OBJC_ROOT_CLASS = YES_ERROR;
				CLANG_WARN_QUOTED_INCLUDE_IN_FRAMEWORK_HEADER = YES;
				CLANG_WARN_RANGE_LOOP_ANALYSIS = YES;
				CLANG_WARN_STRICT_PROTOTYPES = YES;
				CLANG_WARN_SUSPICIOUS_MOVE = YES;
				CLANG_WARN_UNGUARDED_AVAILABILITY = YES_AGGRESSIVE;
				CLANG_WARN_UNREACHABLE_CODE = YES;
				CLANG_WARN__DUPLICATE_METHOD_MATCH = YES;
				COPY_PHASE_STRIP = NO;
				DEBUG_INFORMATION_FORMAT = "dwarf-with-dsym";
				ENABLE_NS_ASSERTIONS = NO;
				ENABLE_STRICT_OBJC_MSGSEND = YES;
				GCC_C_LANGUAGE_STANDARD = gnu11;
				GCC_NO_COMMON_BLOCKS = YES;
				GCC_WARN_64_TO_32_BIT_CONVERSION = YES;
				GCC_WARN_ABOUT_RETURN_TYPE = YES_ERROR;
				GCC_WARN_UNDECLARED_SELECTOR = YES;
				GCC_WARN_UNINITIALIZED_AUTOS = YES_AGGRESSIVE;
				GCC_WARN_UNUSED_FUNCTION = YES;
				GCC_WARN_UNUSED_VARIABLE = YES;
				IPHONEOS_DEPLOYMENT_TARGET = 15.4;
				MTL_ENABLE_DEBUG_INFO = NO;
				MTL_FAST_MATH = YES;
				SDKROOT = iphoneos;
				SWIFT_COMPILATION_MODE = wholemodule;
				SWIFT_OPTIMIZATION_LEVEL = "-O";
				VALIDATE_PRODUCT = YES;
			};
			name = Release;
		};
		7995E89E280818E8005CCF9F /* Debug */ = {
			isa = XCBuildConfiguration;
			buildSettings = {
				ASSETCATALOG_COMPILER_APPICON_NAME = AppIcon;
				ASSETCATALOG_COMPILER_GLOBAL_ACCENT_COLOR_NAME = AccentColor;
				CODE_SIGN_STYLE = Automatic;
				CURRENT_PROJECT_VERSION = 1;
				DEVELOPMENT_ASSET_PATHS = "\"Task/Preview Content\"";
				DEVELOPMENT_TEAM = G639TCDRRY;
				ENABLE_PREVIEWS = YES;
				GENERATE_INFOPLIST_FILE = YES;
				INFOPLIST_KEY_UIApplicationSceneManifest_Generation = YES;
				INFOPLIST_KEY_UIApplicationSupportsIndirectInputEvents = YES;
				INFOPLIST_KEY_UILaunchScreen_Generation = YES;
				INFOPLIST_KEY_UISupportedInterfaceOrientations_iPad = "UIInterfaceOrientationPortrait UIInterfaceOrientationPortraitUpsideDown UIInterfaceOrientationLandscapeLeft UIInterfaceOrientationLandscapeRight";
				INFOPLIST_KEY_UISupportedInterfaceOrientations_iPhone = "UIInterfaceOrientationPortrait UIInterfaceOrientationLandscapeLeft UIInterfaceOrientationLandscapeRight";
				LD_RUNPATH_SEARCH_PATHS = (
					"$(inherited)",
					"@executable_path/Frameworks",
				);
				MARKETING_VERSION = 1.0;
				PRODUCT_BUNDLE_IDENTIFIER = com.mtzendo.Task;
				PRODUCT_NAME = "$(TARGET_NAME)";
				SWIFT_EMIT_LOC_STRINGS = YES;
				SWIFT_VERSION = 5.0;
				TARGETED_DEVICE_FAMILY = "1,2";
			};
			name = Debug;
		};
		7995E89F280818E8005CCF9F /* Release */ = {
			isa = XCBuildConfiguration;
			buildSettings = {
				ASSETCATALOG_COMPILER_APPICON_NAME = AppIcon;
				ASSETCATALOG_COMPILER_GLOBAL_ACCENT_COLOR_NAME = AccentColor;
				CODE_SIGN_STYLE = Automatic;
				CURRENT_PROJECT_VERSION = 1;
				DEVELOPMENT_ASSET_PATHS = "\"Task/Preview Content\"";
				DEVELOPMENT_TEAM = G639TCDRRY;
				ENABLE_PREVIEWS = YES;
				GENERATE_INFOPLIST_FILE = YES;
				INFOPLIST_KEY_UIApplicationSceneManifest_Generation = YES;
				INFOPLIST_KEY_UIApplicationSupportsIndirectInputEvents = YES;
				INFOPLIST_KEY_UILaunchScreen_Generation = YES;
				INFOPLIST_KEY_UISupportedInterfaceOrientations_iPad = "UIInterfaceOrientationPortrait UIInterfaceOrientationPortraitUpsideDown UIInterfaceOrientationLandscapeLeft UIInterfaceOrientationLandscapeRight";
				INFOPLIST_KEY_UISupportedInterfaceOrientations_iPhone = "UIInterfaceOrientationPortrait UIInterfaceOrientationLandscapeLeft UIInterfaceOrientationLandscapeRight";
				LD_RUNPATH_SEARCH_PATHS = (
					"$(inherited)",
					"@executable_path/Frameworks",
				);
				MARKETING_VERSION = 1.0;
				PRODUCT_BUNDLE_IDENTIFIER = com.mtzendo.Task;
				PRODUCT_NAME = "$(TARGET_NAME)";
				SWIFT_EMIT_LOC_STRINGS = YES;
				SWIFT_VERSION = 5.0;
				TARGETED_DEVICE_FAMILY = "1,2";
			};
			name = Release;
		};
		7995E8A1280818E8005CCF9F /* Debug */ = {
			isa = XCBuildConfiguration;
			buildSettings = {
				ALWAYS_EMBED_SWIFT_STANDARD_LIBRARIES = YES;
				BUNDLE_LOADER = "$(TEST_HOST)";
				CODE_SIGN_STYLE = Automatic;
				CURRENT_PROJECT_VERSION = 1;
				DEVELOPMENT_TEAM = G639TCDRRY;
				GENERATE_INFOPLIST_FILE = YES;
				IPHONEOS_DEPLOYMENT_TARGET = 15.4;
				MARKETING_VERSION = 1.0;
				PRODUCT_BUNDLE_IDENTIFIER = com.mtzendo.TaskTests;
				PRODUCT_NAME = "$(TARGET_NAME)";
				SWIFT_EMIT_LOC_STRINGS = NO;
				SWIFT_VERSION = 5.0;
				TARGETED_DEVICE_FAMILY = "1,2";
				TEST_HOST = "$(BUILT_PRODUCTS_DIR)/Task.app/Task";
			};
			name = Debug;
		};
		7995E8A2280818E8005CCF9F /* Release */ = {
			isa = XCBuildConfiguration;
			buildSettings = {
				ALWAYS_EMBED_SWIFT_STANDARD_LIBRARIES = YES;
				BUNDLE_LOADER = "$(TEST_HOST)";
				CODE_SIGN_STYLE = Automatic;
				CURRENT_PROJECT_VERSION = 1;
				DEVELOPMENT_TEAM = G639TCDRRY;
				GENERATE_INFOPLIST_FILE = YES;
				IPHONEOS_DEPLOYMENT_TARGET = 15.4;
				MARKETING_VERSION = 1.0;
				PRODUCT_BUNDLE_IDENTIFIER = com.mtzendo.TaskTests;
				PRODUCT_NAME = "$(TARGET_NAME)";
				SWIFT_EMIT_LOC_STRINGS = NO;
				SWIFT_VERSION = 5.0;
				TARGETED_DEVICE_FAMILY = "1,2";
				TEST_HOST = "$(BUILT_PRODUCTS_DIR)/Task.app/Task";
			};
			name = Release;
		};
		7995E8A4280818E8005CCF9F /* Debug */ = {
			isa = XCBuildConfiguration;
			buildSettings = {
				ALWAYS_EMBED_SWIFT_STANDARD_LIBRARIES = YES;
				CODE_SIGN_STYLE = Automatic;
				CURRENT_PROJECT_VERSION = 1;
				DEVELOPMENT_TEAM = G639TCDRRY;
				GENERATE_INFOPLIST_FILE = YES;
				MARKETING_VERSION = 1.0;
				PRODUCT_BUNDLE_IDENTIFIER = com.mtzendo.TaskUITests;
				PRODUCT_NAME = "$(TARGET_NAME)";
				SWIFT_EMIT_LOC_STRINGS = NO;
				SWIFT_VERSION = 5.0;
				TARGETED_DEVICE_FAMILY = "1,2";
				TEST_TARGET_NAME = Task;
			};
			name = Debug;
		};
		7995E8A5280818E8005CCF9F /* Release */ = {
			isa = XCBuildConfiguration;
			buildSettings = {
				ALWAYS_EMBED_SWIFT_STANDARD_LIBRARIES = YES;
				CODE_SIGN_STYLE = Automatic;
				CURRENT_PROJECT_VERSION = 1;
				DEVELOPMENT_TEAM = G639TCDRRY;
				GENERATE_INFOPLIST_FILE = YES;
				MARKETING_VERSION = 1.0;
				PRODUCT_BUNDLE_IDENTIFIER = com.mtzendo.TaskUITests;
				PRODUCT_NAME = "$(TARGET_NAME)";
				SWIFT_EMIT_LOC_STRINGS = NO;
				SWIFT_VERSION = 5.0;
				TARGETED_DEVICE_FAMILY = "1,2";
				TEST_TARGET_NAME = Task;
			};
			name = Release;
		};
/* End XCBuildConfiguration section */

/* Begin XCConfigurationList section */
		7995E86F280818E7005CCF9F /* Build configuration list for PBXProject "Task" */ = {
			isa = XCConfigurationList;
			buildConfigurations = (
				7995E89B280818E8005CCF9F /* Debug */,
				7995E89C280818E8005CCF9F /* Release */,
			);
			defaultConfigurationIsVisible = 0;
			defaultConfigurationName = Release;
		};
		7995E89D280818E8005CCF9F /* Build configuration list for PBXNativeTarget "Task" */ = {
			isa = XCConfigurationList;
			buildConfigurations = (
				7995E89E280818E8005CCF9F /* Debug */,
				7995E89F280818E8005CCF9F /* Release */,
			);
			defaultConfigurationIsVisible = 0;
			defaultConfigurationName = Release;
		};
		7995E8A0280818E8005CCF9F /* Build configuration list for PBXNativeTarget "TaskTests" */ = {
			isa = XCConfigurationList;
			buildConfigurations = (
				7995E8A1280818E8005CCF9F /* Debug */,
				7995E8A2280818E8005CCF9F /* Release */,
			);
			defaultConfigurationIsVisible = 0;
			defaultConfigurationName = Release;
		};
		7995E8A3280818E8005CCF9F /* Build configuration list for PBXNativeTarget "TaskUITests" */ = {
			isa = XCConfigurationList;
			buildConfigurations = (
				7995E8A4280818E8005CCF9F /* Debug */,
				7995E8A5280818E8005CCF9F /* Release */,
			);
			defaultConfigurationIsVisible = 0;
			defaultConfigurationName = Release;
		};
/* End XCConfigurationList section */

/* Begin XCVersionGroup section */
		7995E882280818E7005CCF9F /* Task.xcdatamodeld */ = {
			isa = XCVersionGroup;
			children = (
				7995E883280818E7005CCF9F /* Task.xcdatamodel */,
			);
			currentVersion = 7995E883280818E7005CCF9F /* Task.xcdatamodel */;
			path = Task.xcdatamodeld;
			sourceTree = "<group>";
			versionGroupType = wrapper.xcdatamodel;
		};
/* End XCVersionGroup section */
	};
	rootObject = 7995E86C280818E7005CCF9F /* Project object */;
}
