// !$*UTF8*$!
{
	archiveVersion = 1;
	classes = {
	};
	objectVersion = 55;
	objects = {

/* Begin PBXBuildFile section */
		796E2E5A280E59EB00EE1C7C /* LandmarkList.swift in Sources */ = {isa = PBXBuildFile; fileRef = 796E2E59280E59EB00EE1C7C /* LandmarkList.swift */; };
		796E2E5C280E5BC900EE1C7C /* LandmarkDetail.swift in Sources */ = {isa = PBXBuildFile; fileRef = 796E2E5B280E5BC900EE1C7C /* LandmarkDetail.swift */; };
		799D1F95280BAB0F008B6DDA /* CircleImageView.swift in Sources */ = {isa = PBXBuildFile; fileRef = 799D1F94280BAB0F008B6DDA /* CircleImageView.swift */; };
		799D1F97280BAE71008B6DDA /* MapView.swift in Sources */ = {isa = PBXBuildFile; fileRef = 799D1F96280BAE71008B6DDA /* MapView.swift */; };
		799D1F99280BCC19008B6DDA /* landmarkData.json in Resources */ = {isa = PBXBuildFile; fileRef = 799D1F98280BCC19008B6DDA /* landmarkData.json */; };
		799D1F9B280BCC32008B6DDA /* Landmark.swift in Sources */ = {isa = PBXBuildFile; fileRef = 799D1F9A280BCC32008B6DDA /* Landmark.swift */; };
		799D1F9D280BCD56008B6DDA /* ModelData.swift in Sources */ = {isa = PBXBuildFile; fileRef = 799D1F9C280BCD56008B6DDA /* ModelData.swift */; };
		799D1FA2280BCF7B008B6DDA /* LandmarkRow.swift in Sources */ = {isa = PBXBuildFile; fileRef = 799D1FA1280BCF7B008B6DDA /* LandmarkRow.swift */; };
		79E5C26627EC63E50012F0F7 /* Swinject in Frameworks */ = {isa = PBXBuildFile; productRef = 79E5C26527EC63E50012F0F7 /* Swinject */; };
		79FDE48727E56C31004298C1 /* LandmarksApp.swift in Sources */ = {isa = PBXBuildFile; fileRef = 79FDE48627E56C31004298C1 /* LandmarksApp.swift */; };
		79FDE48927E56C31004298C1 /* ContentView.swift in Sources */ = {isa = PBXBuildFile; fileRef = 79FDE48827E56C31004298C1 /* ContentView.swift */; };
		79FDE48B27E56C31004298C1 /* Assets.xcassets in Resources */ = {isa = PBXBuildFile; fileRef = 79FDE48A27E56C31004298C1 /* Assets.xcassets */; };
		79FDE48E27E56C31004298C1 /* Preview Assets.xcassets in Resources */ = {isa = PBXBuildFile; fileRef = 79FDE48D27E56C31004298C1 /* Preview Assets.xcassets */; };
		79FDE49027E56C31004298C1 /* Persistence.swift in Sources */ = {isa = PBXBuildFile; fileRef = 79FDE48F27E56C31004298C1 /* Persistence.swift */; };
		79FDE49327E56C31004298C1 /* Landmarks.xcdatamodeld in Sources */ = {isa = PBXBuildFile; fileRef = 79FDE49127E56C31004298C1 /* Landmarks.xcdatamodeld */; };
		79FDE49D27E56C32004298C1 /* LandmarksTests.swift in Sources */ = {isa = PBXBuildFile; fileRef = 79FDE49C27E56C32004298C1 /* LandmarksTests.swift */; };
		79FDE4A727E56C32004298C1 /* LandmarksUITests.swift in Sources */ = {isa = PBXBuildFile; fileRef = 79FDE4A627E56C32004298C1 /* LandmarksUITests.swift */; };
		79FDE4A927E56C32004298C1 /* LandmarksUITestsLaunchTests.swift in Sources */ = {isa = PBXBuildFile; fileRef = 79FDE4A827E56C32004298C1 /* LandmarksUITestsLaunchTests.swift */; };
/* End PBXBuildFile section */

/* Begin PBXContainerItemProxy section */
		79FDE49927E56C32004298C1 /* PBXContainerItemProxy */ = {
			isa = PBXContainerItemProxy;
			containerPortal = 79FDE47B27E56C31004298C1 /* Project object */;
			proxyType = 1;
			remoteGlobalIDString = 79FDE48227E56C31004298C1;
			remoteInfo = Landmarks;
		};
		79FDE4A327E56C32004298C1 /* PBXContainerItemProxy */ = {
			isa = PBXContainerItemProxy;
			containerPortal = 79FDE47B27E56C31004298C1 /* Project object */;
			proxyType = 1;
			remoteGlobalIDString = 79FDE48227E56C31004298C1;
			remoteInfo = Landmarks;
		};
/* End PBXContainerItemProxy section */

/* Begin PBXFileReference section */
		796E2E59280E59EB00EE1C7C /* LandmarkList.swift */ = {isa = PBXFileReference; lastKnownFileType = sourcecode.swift; path = LandmarkList.swift; sourceTree = "<group>"; };
		796E2E5B280E5BC900EE1C7C /* LandmarkDetail.swift */ = {isa = PBXFileReference; lastKnownFileType = sourcecode.swift; path = LandmarkDetail.swift; sourceTree = "<group>"; };
		799D1F94280BAB0F008B6DDA /* CircleImageView.swift */ = {isa = PBXFileReference; lastKnownFileType = sourcecode.swift; path = CircleImageView.swift; sourceTree = "<group>"; };
		799D1F96280BAE71008B6DDA /* MapView.swift */ = {isa = PBXFileReference; lastKnownFileType = sourcecode.swift; path = MapView.swift; sourceTree = "<group>"; };
		799D1F98280BCC19008B6DDA /* landmarkData.json */ = {isa = PBXFileReference; fileEncoding = 4; lastKnownFileType = text.json; path = landmarkData.json; sourceTree = "<group>"; };
		799D1F9A280BCC32008B6DDA /* Landmark.swift */ = {isa = PBXFileReference; lastKnownFileType = sourcecode.swift; path = Landmark.swift; sourceTree = "<group>"; };
		799D1F9C280BCD56008B6DDA /* ModelData.swift */ = {isa = PBXFileReference; lastKnownFileType = sourcecode.swift; path = ModelData.swift; sourceTree = "<group>"; };
		799D1FA1280BCF7B008B6DDA /* LandmarkRow.swift */ = {isa = PBXFileReference; lastKnownFileType = sourcecode.swift; path = LandmarkRow.swift; sourceTree = "<group>"; };
		79FDE48327E56C31004298C1 /* Landmarks.app */ = {isa = PBXFileReference; explicitFileType = wrapper.application; includeInIndex = 0; path = Landmarks.app; sourceTree = BUILT_PRODUCTS_DIR; };
		79FDE48627E56C31004298C1 /* LandmarksApp.swift */ = {isa = PBXFileReference; lastKnownFileType = sourcecode.swift; path = LandmarksApp.swift; sourceTree = "<group>"; };
		79FDE48827E56C31004298C1 /* ContentView.swift */ = {isa = PBXFileReference; lastKnownFileType = sourcecode.swift; path = ContentView.swift; sourceTree = "<group>"; };
		79FDE48A27E56C31004298C1 /* Assets.xcassets */ = {isa = PBXFileReference; lastKnownFileType = folder.assetcatalog; path = Assets.xcassets; sourceTree = "<group>"; };
		79FDE48D27E56C31004298C1 /* Preview Assets.xcassets */ = {isa = PBXFileReference; lastKnownFileType = folder.assetcatalog; path = "Preview Assets.xcassets"; sourceTree = "<group>"; };
		79FDE48F27E56C31004298C1 /* Persistence.swift */ = {isa = PBXFileReference; lastKnownFileType = sourcecode.swift; path = Persistence.swift; sourceTree = "<group>"; };
		79FDE49227E56C31004298C1 /* Landmarks.xcdatamodel */ = {isa = PBXFileReference; lastKnownFileType = wrapper.xcdatamodel; path = Landmarks.xcdatamodel; sourceTree = "<group>"; };
		79FDE49827E56C32004298C1 /* LandmarksTests.xctest */ = {isa = PBXFileReference; explicitFileType = wrapper.cfbundle; includeInIndex = 0; path = LandmarksTests.xctest; sourceTree = BUILT_PRODUCTS_DIR; };
		79FDE49C27E56C32004298C1 /* LandmarksTests.swift */ = {isa = PBXFileReference; lastKnownFileType = sourcecode.swift; path = LandmarksTests.swift; sourceTree = "<group>"; };
		79FDE4A227E56C32004298C1 /* LandmarksUITests.xctest */ = {isa = PBXFileReference; explicitFileType = wrapper.cfbundle; includeInIndex = 0; path = LandmarksUITests.xctest; sourceTree = BUILT_PRODUCTS_DIR; };
		79FDE4A627E56C32004298C1 /* LandmarksUITests.swift */ = {isa = PBXFileReference; lastKnownFileType = sourcecode.swift; path = LandmarksUITests.swift; sourceTree = "<group>"; };
		79FDE4A827E56C32004298C1 /* LandmarksUITestsLaunchTests.swift */ = {isa = PBXFileReference; lastKnownFileType = sourcecode.swift; path = LandmarksUITestsLaunchTests.swift; sourceTree = "<group>"; };
/* End PBXFileReference section */

/* Begin PBXFrameworksBuildPhase section */
		79FDE48027E56C31004298C1 /* Frameworks */ = {
			isa = PBXFrameworksBuildPhase;
			buildActionMask = 2147483647;
			files = (
				79E5C26627EC63E50012F0F7 /* Swinject in Frameworks */,
			);
			runOnlyForDeploymentPostprocessing = 0;
		};
		79FDE49527E56C32004298C1 /* Frameworks */ = {
			isa = PBXFrameworksBuildPhase;
			buildActionMask = 2147483647;
			files = (
			);
			runOnlyForDeploymentPostprocessing = 0;
		};
		79FDE49F27E56C32004298C1 /* Frameworks */ = {
			isa = PBXFrameworksBuildPhase;
			buildActionMask = 2147483647;
			files = (
			);
			runOnlyForDeploymentPostprocessing = 0;
		};
/* End PBXFrameworksBuildPhase section */

/* Begin PBXGroup section */
		799D1F9E280BCEBE008B6DDA /* Views */ = {
			isa = PBXGroup;
			children = (
				79FDE48827E56C31004298C1 /* ContentView.swift */,
				799D1FA1280BCF7B008B6DDA /* LandmarkRow.swift */,
				799D1F96280BAE71008B6DDA /* MapView.swift */,
				796E2E59280E59EB00EE1C7C /* LandmarkList.swift */,
				796E2E5B280E5BC900EE1C7C /* LandmarkDetail.swift */,
				799D1F94280BAB0F008B6DDA /* CircleImageView.swift */,
			);
			path = Views;
			sourceTree = "<group>";
		};
		799D1F9F280BCEF5008B6DDA /* Model */ = {
			isa = PBXGroup;
			children = (
				799D1F9A280BCC32008B6DDA /* Landmark.swift */,
				799D1F9C280BCD56008B6DDA /* ModelData.swift */,
			);
			path = Model;
			sourceTree = "<group>";
		};
		799D1FA0280BCF07008B6DDA /* Resources */ = {
			isa = PBXGroup;
			children = (
				799D1F98280BCC19008B6DDA /* landmarkData.json */,
			);
			path = Resources;
			sourceTree = "<group>";
		};
		79FDE47A27E56C31004298C1 = {
			isa = PBXGroup;
			children = (
				79FDE48527E56C31004298C1 /* Landmarks */,
				79FDE49B27E56C32004298C1 /* LandmarksTests */,
				79FDE4A527E56C32004298C1 /* LandmarksUITests */,
				79FDE48427E56C31004298C1 /* Products */,
			);
			sourceTree = "<group>";
		};
		79FDE48427E56C31004298C1 /* Products */ = {
			isa = PBXGroup;
			children = (
				79FDE48327E56C31004298C1 /* Landmarks.app */,
				79FDE49827E56C32004298C1 /* LandmarksTests.xctest */,
				79FDE4A227E56C32004298C1 /* LandmarksUITests.xctest */,
			);
			name = Products;
			sourceTree = "<group>";
		};
		79FDE48527E56C31004298C1 /* Landmarks */ = {
			isa = PBXGroup;
			children = (
				799D1FA0280BCF07008B6DDA /* Resources */,
				799D1F9F280BCEF5008B6DDA /* Model */,
				79FDE48C27E56C31004298C1 /* Preview Content */,
				799D1F9E280BCEBE008B6DDA /* Views */,
				79FDE48627E56C31004298C1 /* LandmarksApp.swift */,
				79FDE48A27E56C31004298C1 /* Assets.xcassets */,
				79FDE48F27E56C31004298C1 /* Persistence.swift */,
				79FDE49127E56C31004298C1 /* Landmarks.xcdatamodeld */,
			);
			path = Landmarks;
			sourceTree = "<group>";
		};
		79FDE48C27E56C31004298C1 /* Preview Content */ = {
			isa = PBXGroup;
			children = (
				79FDE48D27E56C31004298C1 /* Preview Assets.xcassets */,
			);
			path = "Preview Content";
			sourceTree = "<group>";
		};
		79FDE49B27E56C32004298C1 /* LandmarksTests */ = {
			isa = PBXGroup;
			children = (
				79FDE49C27E56C32004298C1 /* LandmarksTests.swift */,
			);
			path = LandmarksTests;
			sourceTree = "<group>";
		};
		79FDE4A527E56C32004298C1 /* LandmarksUITests */ = {
			isa = PBXGroup;
			children = (
				79FDE4A627E56C32004298C1 /* LandmarksUITests.swift */,
				79FDE4A827E56C32004298C1 /* LandmarksUITestsLaunchTests.swift */,
			);
			path = LandmarksUITests;
			sourceTree = "<group>";
		};
/* End PBXGroup section */

/* Begin PBXNativeTarget section */
		79FDE48227E56C31004298C1 /* Landmarks */ = {
			isa = PBXNativeTarget;
			buildConfigurationList = 79FDE4AC27E56C32004298C1 /* Build configuration list for PBXNativeTarget "Landmarks" */;
			buildPhases = (
				79FDE47F27E56C31004298C1 /* Sources */,
				79FDE48027E56C31004298C1 /* Frameworks */,
				79FDE48127E56C31004298C1 /* Resources */,
			);
			buildRules = (
			);
			dependencies = (
			);
			name = Landmarks;
			packageProductDependencies = (
				79E5C26527EC63E50012F0F7 /* Swinject */,
			);
			productName = Landmarks;
			productReference = 79FDE48327E56C31004298C1 /* Landmarks.app */;
			productType = "com.apple.product-type.application";
		};
		79FDE49727E56C32004298C1 /* LandmarksTests */ = {
			isa = PBXNativeTarget;
			buildConfigurationList = 79FDE4AF27E56C32004298C1 /* Build configuration list for PBXNativeTarget "LandmarksTests" */;
			buildPhases = (
				79FDE49427E56C32004298C1 /* Sources */,
				79FDE49527E56C32004298C1 /* Frameworks */,
				79FDE49627E56C32004298C1 /* Resources */,
			);
			buildRules = (
			);
			dependencies = (
				79FDE49A27E56C32004298C1 /* PBXTargetDependency */,
			);
			name = LandmarksTests;
			productName = LandmarksTests;
			productReference = 79FDE49827E56C32004298C1 /* LandmarksTests.xctest */;
			productType = "com.apple.product-type.bundle.unit-test";
		};
		79FDE4A127E56C32004298C1 /* LandmarksUITests */ = {
			isa = PBXNativeTarget;
			buildConfigurationList = 79FDE4B227E56C32004298C1 /* Build configuration list for PBXNativeTarget "LandmarksUITests" */;
			buildPhases = (
				79FDE49E27E56C32004298C1 /* Sources */,
				79FDE49F27E56C32004298C1 /* Frameworks */,
				79FDE4A027E56C32004298C1 /* Resources */,
			);
			buildRules = (
			);
			dependencies = (
				79FDE4A427E56C32004298C1 /* PBXTargetDependency */,
			);
			name = LandmarksUITests;
			productName = LandmarksUITests;
			productReference = 79FDE4A227E56C32004298C1 /* LandmarksUITests.xctest */;
			productType = "com.apple.product-type.bundle.ui-testing";
		};
/* End PBXNativeTarget section */

/* Begin PBXProject section */
		79FDE47B27E56C31004298C1 /* Project object */ = {
			isa = PBXProject;
			attributes = {
				BuildIndependentTargetsInParallel = 1;
				LastSwiftUpdateCheck = 1330;
				LastUpgradeCheck = 1330;
				TargetAttributes = {
					79FDE48227E56C31004298C1 = {
						CreatedOnToolsVersion = 13.3;
					};
					79FDE49727E56C32004298C1 = {
						CreatedOnToolsVersion = 13.3;
						TestTargetID = 79FDE48227E56C31004298C1;
					};
					79FDE4A127E56C32004298C1 = {
						CreatedOnToolsVersion = 13.3;
						TestTargetID = 79FDE48227E56C31004298C1;
					};
				};
			};
			buildConfigurationList = 79FDE47E27E56C31004298C1 /* Build configuration list for PBXProject "Landmarks" */;
			compatibilityVersion = "Xcode 13.0";
			developmentRegion = en;
			hasScannedForEncodings = 0;
			knownRegions = (
				en,
				Base,
			);
			mainGroup = 79FDE47A27E56C31004298C1;
			packageReferences = (
				79E5C26427EC63E50012F0F7 /* XCRemoteSwiftPackageReference "Swinject" */,
			);
			productRefGroup = 79FDE48427E56C31004298C1 /* Products */;
			projectDirPath = "";
			projectRoot = "";
			targets = (
				79FDE48227E56C31004298C1 /* Landmarks */,
				79FDE49727E56C32004298C1 /* LandmarksTests */,
				79FDE4A127E56C32004298C1 /* LandmarksUITests */,
			);
		};
/* End PBXProject section */

/* Begin PBXResourcesBuildPhase section */
		79FDE48127E56C31004298C1 /* Resources */ = {
			isa = PBXResourcesBuildPhase;
			buildActionMask = 2147483647;
			files = (
				79FDE48E27E56C31004298C1 /* Preview Assets.xcassets in Resources */,
				79FDE48B27E56C31004298C1 /* Assets.xcassets in Resources */,
				799D1F99280BCC19008B6DDA /* landmarkData.json in Resources */,
			);
			runOnlyForDeploymentPostprocessing = 0;
		};
		79FDE49627E56C32004298C1 /* Resources */ = {
			isa = PBXResourcesBuildPhase;
			buildActionMask = 2147483647;
			files = (
			);
			runOnlyForDeploymentPostprocessing = 0;
		};
		79FDE4A027E56C32004298C1 /* Resources */ = {
			isa = PBXResourcesBuildPhase;
			buildActionMask = 2147483647;
			files = (
			);
			runOnlyForDeploymentPostprocessing = 0;
		};
/* End PBXResourcesBuildPhase section */

/* Begin PBXSourcesBuildPhase section */
		79FDE47F27E56C31004298C1 /* Sources */ = {
			isa = PBXSourcesBuildPhase;
			buildActionMask = 2147483647;
			files = (
				799D1F9B280BCC32008B6DDA /* Landmark.swift in Sources */,
				79FDE49027E56C31004298C1 /* Persistence.swift in Sources */,
				799D1F97280BAE71008B6DDA /* MapView.swift in Sources */,
				79FDE48927E56C31004298C1 /* ContentView.swift in Sources */,
				79FDE48727E56C31004298C1 /* LandmarksApp.swift in Sources */,
				799D1F9D280BCD56008B6DDA /* ModelData.swift in Sources */,
				79FDE49327E56C31004298C1 /* Landmarks.xcdatamodeld in Sources */,
				799D1F95280BAB0F008B6DDA /* CircleImageView.swift in Sources */,
				799D1FA2280BCF7B008B6DDA /* LandmarkRow.swift in Sources */,
				796E2E5A280E59EB00EE1C7C /* LandmarkList.swift in Sources */,
				796E2E5C280E5BC900EE1C7C /* LandmarkDetail.swift in Sources */,
			);
			runOnlyForDeploymentPostprocessing = 0;
		};
		79FDE49427E56C32004298C1 /* Sources */ = {
			isa = PBXSourcesBuildPhase;
			buildActionMask = 2147483647;
			files = (
				79FDE49D27E56C32004298C1 /* LandmarksTests.swift in Sources */,
			);
			runOnlyForDeploymentPostprocessing = 0;
		};
		79FDE49E27E56C32004298C1 /* Sources */ = {
			isa = PBXSourcesBuildPhase;
			buildActionMask = 2147483647;
			files = (
				79FDE4A927E56C32004298C1 /* LandmarksUITestsLaunchTests.swift in Sources */,
				79FDE4A727E56C32004298C1 /* LandmarksUITests.swift in Sources */,
			);
			runOnlyForDeploymentPostprocessing = 0;
		};
/* End PBXSourcesBuildPhase section */

/* Begin PBXTargetDependency section */
		79FDE49A27E56C32004298C1 /* PBXTargetDependency */ = {
			isa = PBXTargetDependency;
			target = 79FDE48227E56C31004298C1 /* Landmarks */;
			targetProxy = 79FDE49927E56C32004298C1 /* PBXContainerItemProxy */;
		};
		79FDE4A427E56C32004298C1 /* PBXTargetDependency */ = {
			isa = PBXTargetDependency;
			target = 79FDE48227E56C31004298C1 /* Landmarks */;
			targetProxy = 79FDE4A327E56C32004298C1 /* PBXContainerItemProxy */;
		};
/* End PBXTargetDependency section */

/* Begin XCBuildConfiguration section */
		79FDE4AA27E56C32004298C1 /* Debug */ = {
			isa = XCBuildConfiguration;
			buildSettings = {
				ALWAYS_SEARCH_USER_PATHS = NO;
				CLANG_ANALYZER_NONNULL = YES;
				CLANG_ANALYZER_NUMBER_OBJECT_CONVERSION = YES_AGGRESSIVE;
				CLANG_CXX_LANGUAGE_STANDARD = "gnu++17";
				CLANG_ENABLE_MODULES = YES;
				CLANG_ENABLE_OBJC_ARC = YES;
				CLANG_ENABLE_OBJC_WEAK = YES;
				CLANG_WARN_BLOCK_CAPTURE_AUTORELEASING = YES;
				CLANG_WARN_BOOL_CONVERSION = YES;
				CLANG_WARN_COMMA = YES;
				CLANG_WARN_CONSTANT_CONVERSION = YES;
				CLANG_WARN_DEPRECATED_OBJC_IMPLEMENTATIONS = YES;
				CLANG_WARN_DIRECT_OBJC_ISA_USAGE = YES_ERROR;
				CLANG_WARN_DOCUMENTATION_COMMENTS = YES;
				CLANG_WARN_EMPTY_BODY = YES;
				CLANG_WARN_ENUM_CONVERSION = YES;
				CLANG_WARN_INFINITE_RECURSION = YES;
				CLANG_WARN_INT_CONVERSION = YES;
				CLANG_WARN_NON_LITERAL_NULL_CONVERSION = YES;
				CLANG_WARN_OBJC_IMPLICIT_RETAIN_SELF = YES;
				CLANG_WARN_OBJC_LITERAL_CONVERSION = YES;
				CLANG_WARN_OBJC_ROOT_CLASS = YES_ERROR;
				CLANG_WARN_QUOTED_INCLUDE_IN_FRAMEWORK_HEADER = YES;
				CLANG_WARN_RANGE_LOOP_ANALYSIS = YES;
				CLANG_WARN_STRICT_PROTOTYPES = YES;
				CLANG_WARN_SUSPICIOUS_MOVE = YES;
				CLANG_WARN_UNGUARDED_AVAILABILITY = YES_AGGRESSIVE;
				CLANG_WARN_UNREACHABLE_CODE = YES;
				CLANG_WARN__DUPLICATE_METHOD_MATCH = YES;
				COPY_PHASE_STRIP = NO;
				DEBUG_INFORMATION_FORMAT = dwarf;
				ENABLE_STRICT_OBJC_MSGSEND = YES;
				ENABLE_TESTABILITY = YES;
				GCC_C_LANGUAGE_STANDARD = gnu11;
				GCC_DYNAMIC_NO_PIC = NO;
				GCC_NO_COMMON_BLOCKS = YES;
				GCC_OPTIMIZATION_LEVEL = 0;
				GCC_PREPROCESSOR_DEFINITIONS = (
					"DEBUG=1",
					"$(inherited)",
				);
				GCC_WARN_64_TO_32_BIT_CONVERSION = YES;
				GCC_WARN_ABOUT_RETURN_TYPE = YES_ERROR;
				GCC_WARN_UNDECLARED_SELECTOR = YES;
				GCC_WARN_UNINITIALIZED_AUTOS = YES_AGGRESSIVE;
				GCC_WARN_UNUSED_FUNCTION = YES;
				GCC_WARN_UNUSED_VARIABLE = YES;
				IPHONEOS_DEPLOYMENT_TARGET = 15.4;
				MTL_ENABLE_DEBUG_INFO = INCLUDE_SOURCE;
				MTL_FAST_MATH = YES;
				ONLY_ACTIVE_ARCH = YES;
				SDKROOT = iphoneos;
				SWIFT_ACTIVE_COMPILATION_CONDITIONS = DEBUG;
				SWIFT_OPTIMIZATION_LEVEL = "-Onone";
			};
			name = Debug;
		};
		79FDE4AB27E56C32004298C1 /* Release */ = {
			isa = XCBuildConfiguration;
			buildSettings = {
				ALWAYS_SEARCH_USER_PATHS = NO;
				CLANG_ANALYZER_NONNULL = YES;
				CLANG_ANALYZER_NUMBER_OBJECT_CONVERSION = YES_AGGRESSIVE;
				CLANG_CXX_LANGUAGE_STANDARD = "gnu++17";
				CLANG_ENABLE_MODULES = YES;
				CLANG_ENABLE_OBJC_ARC = YES;
				CLANG_ENABLE_OBJC_WEAK = YES;
				CLANG_WARN_BLOCK_CAPTURE_AUTORELEASING = YES;
				CLANG_WARN_BOOL_CONVERSION = YES;
				CLANG_WARN_COMMA = YES;
				CLANG_WARN_CONSTANT_CONVERSION = YES;
				CLANG_WARN_DEPRECATED_OBJC_IMPLEMENTATIONS = YES;
				CLANG_WARN_DIRECT_OBJC_ISA_USAGE = YES_ERROR;
				CLANG_WARN_DOCUMENTATION_COMMENTS = YES;
				CLANG_WARN_EMPTY_BODY = YES;
				CLANG_WARN_ENUM_CONVERSION = YES;
				CLANG_WARN_INFINITE_RECURSION = YES;
				CLANG_WARN_INT_CONVERSION = YES;
				CLANG_WARN_NON_LITERAL_NULL_CONVERSION = YES;
				CLANG_WARN_OBJC_IMPLICIT_RETAIN_SELF = YES;
				CLANG_WARN_OBJC_LITERAL_CONVERSION = YES;
				CLANG_WARN_OBJC_ROOT_CLASS = YES_ERROR;
				CLANG_WARN_QUOTED_INCLUDE_IN_FRAMEWORK_HEADER = YES;
				CLANG_WARN_RANGE_LOOP_ANALYSIS = YES;
				CLANG_WARN_STRICT_PROTOTYPES = YES;
				CLANG_WARN_SUSPICIOUS_MOVE = YES;
				CLANG_WARN_UNGUARDED_AVAILABILITY = YES_AGGRESSIVE;
				CLANG_WARN_UNREACHABLE_CODE = YES;
				CLANG_WARN__DUPLICATE_METHOD_MATCH = YES;
				COPY_PHASE_STRIP = NO;
				DEBUG_INFORMATION_FORMAT = "dwarf-with-dsym";
				ENABLE_NS_ASSERTIONS = NO;
				ENABLE_STRICT_OBJC_MSGSEND = YES;
				GCC_C_LANGUAGE_STANDARD = gnu11;
				GCC_NO_COMMON_BLOCKS = YES;
				GCC_WARN_64_TO_32_BIT_CONVERSION = YES;
				GCC_WARN_ABOUT_RETURN_TYPE = YES_ERROR;
				GCC_WARN_UNDECLARED_SELECTOR = YES;
				GCC_WARN_UNINITIALIZED_AUTOS = YES_AGGRESSIVE;
				GCC_WARN_UNUSED_FUNCTION = YES;
				GCC_WARN_UNUSED_VARIABLE = YES;
				IPHONEOS_DEPLOYMENT_TARGET = 15.4;
				MTL_ENABLE_DEBUG_INFO = NO;
				MTL_FAST_MATH = YES;
				SDKROOT = iphoneos;
				SWIFT_COMPILATION_MODE = wholemodule;
				SWIFT_OPTIMIZATION_LEVEL = "-O";
				VALIDATE_PRODUCT = YES;
			};
			name = Release;
		};
		79FDE4AD27E56C32004298C1 /* Debug */ = {
			isa = XCBuildConfiguration;
			buildSettings = {
				ASSETCATALOG_COMPILER_APPICON_NAME = AppIcon;
				ASSETCATALOG_COMPILER_GLOBAL_ACCENT_COLOR_NAME = AccentColor;
				CODE_SIGN_STYLE = Automatic;
				CURRENT_PROJECT_VERSION = 1;
				DEVELOPMENT_ASSET_PATHS = "\"Landmarks/Preview Content\"";
				DEVELOPMENT_TEAM = G639TCDRRY;
				ENABLE_PREVIEWS = YES;
				GENERATE_INFOPLIST_FILE = YES;
				INFOPLIST_KEY_UIApplicationSceneManifest_Generation = YES;
				INFOPLIST_KEY_UIApplicationSupportsIndirectInputEvents = YES;
				INFOPLIST_KEY_UILaunchScreen_Generation = YES;
				INFOPLIST_KEY_UISupportedInterfaceOrientations_iPad = "UIInterfaceOrientationPortrait UIInterfaceOrientationPortraitUpsideDown UIInterfaceOrientationLandscapeLeft UIInterfaceOrientationLandscapeRight";
				INFOPLIST_KEY_UISupportedInterfaceOrientations_iPhone = "UIInterfaceOrientationPortrait UIInterfaceOrientationLandscapeLeft UIInterfaceOrientationLandscapeRight";
				LD_RUNPATH_SEARCH_PATHS = (
					"$(inherited)",
					"@executable_path/Frameworks",
				);
				MARKETING_VERSION = 1.0;
				PRODUCT_BUNDLE_IDENTIFIER = com.mtzendo.Landmarks;
				PRODUCT_NAME = "$(TARGET_NAME)";
				SWIFT_EMIT_LOC_STRINGS = YES;
				SWIFT_VERSION = 5.0;
				TARGETED_DEVICE_FAMILY = "1,2";
			};
			name = Debug;
		};
		79FDE4AE27E56C32004298C1 /* Release */ = {
			isa = XCBuildConfiguration;
			buildSettings = {
				ASSETCATALOG_COMPILER_APPICON_NAME = AppIcon;
				ASSETCATALOG_COMPILER_GLOBAL_ACCENT_COLOR_NAME = AccentColor;
				CODE_SIGN_STYLE = Automatic;
				CURRENT_PROJECT_VERSION = 1;
				DEVELOPMENT_ASSET_PATHS = "\"Landmarks/Preview Content\"";
				DEVELOPMENT_TEAM = G639TCDRRY;
				ENABLE_PREVIEWS = YES;
				GENERATE_INFOPLIST_FILE = YES;
				INFOPLIST_KEY_UIApplicationSceneManifest_Generation = YES;
				INFOPLIST_KEY_UIApplicationSupportsIndirectInputEvents = YES;
				INFOPLIST_KEY_UILaunchScreen_Generation = YES;
				INFOPLIST_KEY_UISupportedInterfaceOrientations_iPad = "UIInterfaceOrientationPortrait UIInterfaceOrientationPortraitUpsideDown UIInterfaceOrientationLandscapeLeft UIInterfaceOrientationLandscapeRight";
				INFOPLIST_KEY_UISupportedInterfaceOrientations_iPhone = "UIInterfaceOrientationPortrait UIInterfaceOrientationLandscapeLeft UIInterfaceOrientationLandscapeRight";
				LD_RUNPATH_SEARCH_PATHS = (
					"$(inherited)",
					"@executable_path/Frameworks",
				);
				MARKETING_VERSION = 1.0;
				PRODUCT_BUNDLE_IDENTIFIER = com.mtzendo.Landmarks;
				PRODUCT_NAME = "$(TARGET_NAME)";
				SWIFT_EMIT_LOC_STRINGS = YES;
				SWIFT_VERSION = 5.0;
				TARGETED_DEVICE_FAMILY = "1,2";
			};
			name = Release;
		};
		79FDE4B027E56C32004298C1 /* Debug */ = {
			isa = XCBuildConfiguration;
			buildSettings = {
				ALWAYS_EMBED_SWIFT_STANDARD_LIBRARIES = YES;
				BUNDLE_LOADER = "$(TEST_HOST)";
				CODE_SIGN_STYLE = Automatic;
				CURRENT_PROJECT_VERSION = 1;
				DEVELOPMENT_TEAM = G639TCDRRY;
				GENERATE_INFOPLIST_FILE = YES;
				IPHONEOS_DEPLOYMENT_TARGET = 15.4;
				MARKETING_VERSION = 1.0;
				PRODUCT_BUNDLE_IDENTIFIER = com.mtzendo.LandmarksTests;
				PRODUCT_NAME = "$(TARGET_NAME)";
				SWIFT_EMIT_LOC_STRINGS = NO;
				SWIFT_VERSION = 5.0;
				TARGETED_DEVICE_FAMILY = "1,2";
				TEST_HOST = "$(BUILT_PRODUCTS_DIR)/Landmarks.app/Landmarks";
			};
			name = Debug;
		};
		79FDE4B127E56C32004298C1 /* Release */ = {
			isa = XCBuildConfiguration;
			buildSettings = {
				ALWAYS_EMBED_SWIFT_STANDARD_LIBRARIES = YES;
				BUNDLE_LOADER = "$(TEST_HOST)";
				CODE_SIGN_STYLE = Automatic;
				CURRENT_PROJECT_VERSION = 1;
				DEVELOPMENT_TEAM = G639TCDRRY;
				GENERATE_INFOPLIST_FILE = YES;
				IPHONEOS_DEPLOYMENT_TARGET = 15.4;
				MARKETING_VERSION = 1.0;
				PRODUCT_BUNDLE_IDENTIFIER = com.mtzendo.LandmarksTests;
				PRODUCT_NAME = "$(TARGET_NAME)";
				SWIFT_EMIT_LOC_STRINGS = NO;
				SWIFT_VERSION = 5.0;
				TARGETED_DEVICE_FAMILY = "1,2";
				TEST_HOST = "$(BUILT_PRODUCTS_DIR)/Landmarks.app/Landmarks";
			};
			name = Release;
		};
		79FDE4B327E56C32004298C1 /* Debug */ = {
			isa = XCBuildConfiguration;
			buildSettings = {
				ALWAYS_EMBED_SWIFT_STANDARD_LIBRARIES = YES;
				CODE_SIGN_STYLE = Automatic;
				CURRENT_PROJECT_VERSION = 1;
				DEVELOPMENT_TEAM = G639TCDRRY;
				GENERATE_INFOPLIST_FILE = YES;
				MARKETING_VERSION = 1.0;
				PRODUCT_BUNDLE_IDENTIFIER = com.mtzendo.LandmarksUITests;
				PRODUCT_NAME = "$(TARGET_NAME)";
				SWIFT_EMIT_LOC_STRINGS = NO;
				SWIFT_VERSION = 5.0;
				TARGETED_DEVICE_FAMILY = "1,2";
				TEST_TARGET_NAME = Landmarks;
			};
			name = Debug;
		};
		79FDE4B427E56C32004298C1 /* Release */ = {
			isa = XCBuildConfiguration;
			buildSettings = {
				ALWAYS_EMBED_SWIFT_STANDARD_LIBRARIES = YES;
				CODE_SIGN_STYLE = Automatic;
				CURRENT_PROJECT_VERSION = 1;
				DEVELOPMENT_TEAM = G639TCDRRY;
				GENERATE_INFOPLIST_FILE = YES;
				MARKETING_VERSION = 1.0;
				PRODUCT_BUNDLE_IDENTIFIER = com.mtzendo.LandmarksUITests;
				PRODUCT_NAME = "$(TARGET_NAME)";
				SWIFT_EMIT_LOC_STRINGS = NO;
				SWIFT_VERSION = 5.0;
				TARGETED_DEVICE_FAMILY = "1,2";
				TEST_TARGET_NAME = Landmarks;
			};
			name = Release;
		};
/* End XCBuildConfiguration section */

/* Begin XCConfigurationList section */
		79FDE47E27E56C31004298C1 /* Build configuration list for PBXProject "Landmarks" */ = {
			isa = XCConfigurationList;
			buildConfigurations = (
				79FDE4AA27E56C32004298C1 /* Debug */,
				79FDE4AB27E56C32004298C1 /* Release */,
			);
			defaultConfigurationIsVisible = 0;
			defaultConfigurationName = Release;
		};
		79FDE4AC27E56C32004298C1 /* Build configuration list for PBXNativeTarget "Landmarks" */ = {
			isa = XCConfigurationList;
			buildConfigurations = (
				79FDE4AD27E56C32004298C1 /* Debug */,
				79FDE4AE27E56C32004298C1 /* Release */,
			);
			defaultConfigurationIsVisible = 0;
			defaultConfigurationName = Release;
		};
		79FDE4AF27E56C32004298C1 /* Build configuration list for PBXNativeTarget "LandmarksTests" */ = {
			isa = XCConfigurationList;
			buildConfigurations = (
				79FDE4B027E56C32004298C1 /* Debug */,
				79FDE4B127E56C32004298C1 /* Release */,
			);
			defaultConfigurationIsVisible = 0;
			defaultConfigurationName = Release;
		};
		79FDE4B227E56C32004298C1 /* Build configuration list for PBXNativeTarget "LandmarksUITests" */ = {
			isa = XCConfigurationList;
			buildConfigurations = (
				79FDE4B327E56C32004298C1 /* Debug */,
				79FDE4B427E56C32004298C1 /* Release */,
			);
			defaultConfigurationIsVisible = 0;
			defaultConfigurationName = Release;
		};
/* End XCConfigurationList section */

/* Begin XCRemoteSwiftPackageReference section */
		79E5C26427EC63E50012F0F7 /* XCRemoteSwiftPackageReference "Swinject" */ = {
			isa = XCRemoteSwiftPackageReference;
			repositoryURL = "https://github.com/Swinject/Swinject.git";
			requirement = {
				kind = upToNextMajorVersion;
				minimumVersion = 2.8.0;
			};
		};
/* End XCRemoteSwiftPackageReference section */

/* Begin XCSwiftPackageProductDependency section */
		79E5C26527EC63E50012F0F7 /* Swinject */ = {
			isa = XCSwiftPackageProductDependency;
			package = 79E5C26427EC63E50012F0F7 /* XCRemoteSwiftPackageReference "Swinject" */;
			productName = Swinject;
		};
/* End XCSwiftPackageProductDependency section */

/* Begin XCVersionGroup section */
		79FDE49127E56C31004298C1 /* Landmarks.xcdatamodeld */ = {
			isa = XCVersionGroup;
			children = (
				79FDE49227E56C31004298C1 /* Landmarks.xcdatamodel */,
			);
			currentVersion = 79FDE49227E56C31004298C1 /* Landmarks.xcdatamodel */;
			path = Landmarks.xcdatamodeld;
			sourceTree = "<group>";
			versionGroupType = wrapper.xcdatamodel;
		};
/* End XCVersionGroup section */
	};
	rootObject = 79FDE47B27E56C31004298C1 /* Project object */;
}
