// !$*UTF8*$!
{
	archiveVersion = 1;
	classes = {
	};
	objectVersion = 55;
	objects = {

/* Begin PBXBuildFile section */
		79129A4127DDA92B00A4A512 /* ApiCallApp.swift in Sources */ = {isa = PBXBuildFile; fileRef = 79129A4027DDA92B00A4A512 /* ApiCallApp.swift */; };
		79129A4327DDA92B00A4A512 /* ContentView.swift in Sources */ = {isa = PBXBuildFile; fileRef = 79129A4227DDA92B00A4A512 /* ContentView.swift */; };
		79129A4527DDA92C00A4A512 /* Assets.xcassets in Resources */ = {isa = PBXBuildFile; fileRef = 79129A4427DDA92C00A4A512 /* Assets.xcassets */; };
		79129A4827DDA92C00A4A512 /* Preview Assets.xcassets in Resources */ = {isa = PBXBuildFile; fileRef = 79129A4727DDA92C00A4A512 /* Preview Assets.xcassets */; };
		79129A5227DDA92C00A4A512 /* ApiCallTests.swift in Sources */ = {isa = PBXBuildFile; fileRef = 79129A5127DDA92C00A4A512 /* ApiCallTests.swift */; };
		79129A5C27DDA92C00A4A512 /* ApiCallUITests.swift in Sources */ = {isa = PBXBuildFile; fileRef = 79129A5B27DDA92C00A4A512 /* ApiCallUITests.swift */; };
		79129A5E27DDA92C00A4A512 /* ApiCallUITestsLaunchTests.swift in Sources */ = {isa = PBXBuildFile; fileRef = 79129A5D27DDA92C00A4A512 /* ApiCallUITestsLaunchTests.swift */; };
		9221859BE133CEA1936F0E51 /* Pods_ApiCall.framework in Frameworks */ = {isa = PBXBuildFile; fileRef = 9CE520DF566782108DF832D5 /* Pods_ApiCall.framework */; };
		E705D5C0CE46204F258CB50A /* Pods_ApiCall_ApiCallUITests.framework in Frameworks */ = {isa = PBXBuildFile; fileRef = 2CA2F7D530B586CD481CA9A9 /* Pods_ApiCall_ApiCallUITests.framework */; };
		EBC672CCD94F19C4093CE298 /* Pods_ApiCallTests.framework in Frameworks */ = {isa = PBXBuildFile; fileRef = 59D92DC9B6CBC51A832B4ACE /* Pods_ApiCallTests.framework */; };
/* End PBXBuildFile section */

/* Begin PBXContainerItemProxy section */
		79129A4E27DDA92C00A4A512 /* PBXContainerItemProxy */ = {
			isa = PBXContainerItemProxy;
			containerPortal = 79129A3527DDA92B00A4A512 /* Project object */;
			proxyType = 1;
			remoteGlobalIDString = 79129A3C27DDA92B00A4A512;
			remoteInfo = ApiCall;
		};
		79129A5827DDA92C00A4A512 /* PBXContainerItemProxy */ = {
			isa = PBXContainerItemProxy;
			containerPortal = 79129A3527DDA92B00A4A512 /* Project object */;
			proxyType = 1;
			remoteGlobalIDString = 79129A3C27DDA92B00A4A512;
			remoteInfo = ApiCall;
		};
/* End PBXContainerItemProxy section */

/* Begin PBXFileReference section */
		03F60C659BDFB025F06021BA /* Pods-ApiCall-ApiCallUITests.release.xcconfig */ = {isa = PBXFileReference; includeInIndex = 1; lastKnownFileType = text.xcconfig; name = "Pods-ApiCall-ApiCallUITests.release.xcconfig"; path = "Target Support Files/Pods-ApiCall-ApiCallUITests/Pods-ApiCall-ApiCallUITests.release.xcconfig"; sourceTree = "<group>"; };
		2CA2F7D530B586CD481CA9A9 /* Pods_ApiCall_ApiCallUITests.framework */ = {isa = PBXFileReference; explicitFileType = wrapper.framework; includeInIndex = 0; path = Pods_ApiCall_ApiCallUITests.framework; sourceTree = BUILT_PRODUCTS_DIR; };
		59D92DC9B6CBC51A832B4ACE /* Pods_ApiCallTests.framework */ = {isa = PBXFileReference; explicitFileType = wrapper.framework; includeInIndex = 0; path = Pods_ApiCallTests.framework; sourceTree = BUILT_PRODUCTS_DIR; };
		60CEC2063FDBFF854867E7CF /* Pods-ApiCall.debug.xcconfig */ = {isa = PBXFileReference; includeInIndex = 1; lastKnownFileType = text.xcconfig; name = "Pods-ApiCall.debug.xcconfig"; path = "Target Support Files/Pods-ApiCall/Pods-ApiCall.debug.xcconfig"; sourceTree = "<group>"; };
		79129A3D27DDA92B00A4A512 /* ApiCall.app */ = {isa = PBXFileReference; explicitFileType = wrapper.application; includeInIndex = 0; path = ApiCall.app; sourceTree = BUILT_PRODUCTS_DIR; };
		79129A4027DDA92B00A4A512 /* ApiCallApp.swift */ = {isa = PBXFileReference; lastKnownFileType = sourcecode.swift; path = ApiCallApp.swift; sourceTree = "<group>"; };
		79129A4227DDA92B00A4A512 /* ContentView.swift */ = {isa = PBXFileReference; lastKnownFileType = sourcecode.swift; path = ContentView.swift; sourceTree = "<group>"; };
		79129A4427DDA92C00A4A512 /* Assets.xcassets */ = {isa = PBXFileReference; lastKnownFileType = folder.assetcatalog; path = Assets.xcassets; sourceTree = "<group>"; };
		79129A4727DDA92C00A4A512 /* Preview Assets.xcassets */ = {isa = PBXFileReference; lastKnownFileType = folder.assetcatalog; path = "Preview Assets.xcassets"; sourceTree = "<group>"; };
		79129A4D27DDA92C00A4A512 /* ApiCallTests.xctest */ = {isa = PBXFileReference; explicitFileType = wrapper.cfbundle; includeInIndex = 0; path = ApiCallTests.xctest; sourceTree = BUILT_PRODUCTS_DIR; };
		79129A5127DDA92C00A4A512 /* ApiCallTests.swift */ = {isa = PBXFileReference; lastKnownFileType = sourcecode.swift; path = ApiCallTests.swift; sourceTree = "<group>"; };
		79129A5727DDA92C00A4A512 /* ApiCallUITests.xctest */ = {isa = PBXFileReference; explicitFileType = wrapper.cfbundle; includeInIndex = 0; path = ApiCallUITests.xctest; sourceTree = BUILT_PRODUCTS_DIR; };
		79129A5B27DDA92C00A4A512 /* ApiCallUITests.swift */ = {isa = PBXFileReference; lastKnownFileType = sourcecode.swift; path = ApiCallUITests.swift; sourceTree = "<group>"; };
		79129A5D27DDA92C00A4A512 /* ApiCallUITestsLaunchTests.swift */ = {isa = PBXFileReference; lastKnownFileType = sourcecode.swift; path = ApiCallUITestsLaunchTests.swift; sourceTree = "<group>"; };
		94B739F7DC4DF1FB60066D8E /* Pods-ApiCallTests.release.xcconfig */ = {isa = PBXFileReference; includeInIndex = 1; lastKnownFileType = text.xcconfig; name = "Pods-ApiCallTests.release.xcconfig"; path = "Target Support Files/Pods-ApiCallTests/Pods-ApiCallTests.release.xcconfig"; sourceTree = "<group>"; };
		9CE520DF566782108DF832D5 /* Pods_ApiCall.framework */ = {isa = PBXFileReference; explicitFileType = wrapper.framework; includeInIndex = 0; path = Pods_ApiCall.framework; sourceTree = BUILT_PRODUCTS_DIR; };
		A0B5144B6094012FDC25F99E /* Pods-ApiCallTests.debug.xcconfig */ = {isa = PBXFileReference; includeInIndex = 1; lastKnownFileType = text.xcconfig; name = "Pods-ApiCallTests.debug.xcconfig"; path = "Target Support Files/Pods-ApiCallTests/Pods-ApiCallTests.debug.xcconfig"; sourceTree = "<group>"; };
		DB6185BC9B73F168EF1F6618 /* Pods-ApiCall-ApiCallUITests.debug.xcconfig */ = {isa = PBXFileReference; includeInIndex = 1; lastKnownFileType = text.xcconfig; name = "Pods-ApiCall-ApiCallUITests.debug.xcconfig"; path = "Target Support Files/Pods-ApiCall-ApiCallUITests/Pods-ApiCall-ApiCallUITests.debug.xcconfig"; sourceTree = "<group>"; };
		E951EAC842D6F47AED800C53 /* Pods-ApiCall.release.xcconfig */ = {isa = PBXFileReference; includeInIndex = 1; lastKnownFileType = text.xcconfig; name = "Pods-ApiCall.release.xcconfig"; path = "Target Support Files/Pods-ApiCall/Pods-ApiCall.release.xcconfig"; sourceTree = "<group>"; };
/* End PBXFileReference section */

/* Begin PBXFrameworksBuildPhase section */
		79129A3A27DDA92B00A4A512 /* Frameworks */ = {
			isa = PBXFrameworksBuildPhase;
			buildActionMask = 2147483647;
			files = (
				9221859BE133CEA1936F0E51 /* Pods_ApiCall.framework in Frameworks */,
			);
			runOnlyForDeploymentPostprocessing = 0;
		};
		79129A4A27DDA92C00A4A512 /* Frameworks */ = {
			isa = PBXFrameworksBuildPhase;
			buildActionMask = 2147483647;
			files = (
				EBC672CCD94F19C4093CE298 /* Pods_ApiCallTests.framework in Frameworks */,
			);
			runOnlyForDeploymentPostprocessing = 0;
		};
		79129A5427DDA92C00A4A512 /* Frameworks */ = {
			isa = PBXFrameworksBuildPhase;
			buildActionMask = 2147483647;
			files = (
				E705D5C0CE46204F258CB50A /* Pods_ApiCall_ApiCallUITests.framework in Frameworks */,
			);
			runOnlyForDeploymentPostprocessing = 0;
		};
/* End PBXFrameworksBuildPhase section */

/* Begin PBXGroup section */
		0D1067E92D7ADB3BAC6FD878 /* Frameworks */ = {
			isa = PBXGroup;
			children = (
				9CE520DF566782108DF832D5 /* Pods_ApiCall.framework */,
				2CA2F7D530B586CD481CA9A9 /* Pods_ApiCall_ApiCallUITests.framework */,
				59D92DC9B6CBC51A832B4ACE /* Pods_ApiCallTests.framework */,
			);
			name = Frameworks;
			sourceTree = "<group>";
		};
		348993EA579264276A432724 /* Pods */ = {
			isa = PBXGroup;
			children = (
				60CEC2063FDBFF854867E7CF /* Pods-ApiCall.debug.xcconfig */,
				E951EAC842D6F47AED800C53 /* Pods-ApiCall.release.xcconfig */,
				DB6185BC9B73F168EF1F6618 /* Pods-ApiCall-ApiCallUITests.debug.xcconfig */,
				03F60C659BDFB025F06021BA /* Pods-ApiCall-ApiCallUITests.release.xcconfig */,
				A0B5144B6094012FDC25F99E /* Pods-ApiCallTests.debug.xcconfig */,
				94B739F7DC4DF1FB60066D8E /* Pods-ApiCallTests.release.xcconfig */,
			);
			name = Pods;
			path = Pods;
			sourceTree = "<group>";
		};
		79129A3427DDA92B00A4A512 = {
			isa = PBXGroup;
			children = (
				79129A3F27DDA92B00A4A512 /* ApiCall */,
				79129A5027DDA92C00A4A512 /* ApiCallTests */,
				79129A5A27DDA92C00A4A512 /* ApiCallUITests */,
				79129A3E27DDA92B00A4A512 /* Products */,
				348993EA579264276A432724 /* Pods */,
				0D1067E92D7ADB3BAC6FD878 /* Frameworks */,
			);
			sourceTree = "<group>";
		};
		79129A3E27DDA92B00A4A512 /* Products */ = {
			isa = PBXGroup;
			children = (
				79129A3D27DDA92B00A4A512 /* ApiCall.app */,
				79129A4D27DDA92C00A4A512 /* ApiCallTests.xctest */,
				79129A5727DDA92C00A4A512 /* ApiCallUITests.xctest */,
			);
			name = Products;
			sourceTree = "<group>";
		};
		79129A3F27DDA92B00A4A512 /* ApiCall */ = {
			isa = PBXGroup;
			children = (
				79129A4027DDA92B00A4A512 /* ApiCallApp.swift */,
				79129A4227DDA92B00A4A512 /* ContentView.swift */,
				79129A4427DDA92C00A4A512 /* Assets.xcassets */,
				79129A4627DDA92C00A4A512 /* Preview Content */,
			);
			path = ApiCall;
			sourceTree = "<group>";
		};
		79129A4627DDA92C00A4A512 /* Preview Content */ = {
			isa = PBXGroup;
			children = (
				79129A4727DDA92C00A4A512 /* Preview Assets.xcassets */,
			);
			path = "Preview Content";
			sourceTree = "<group>";
		};
		79129A5027DDA92C00A4A512 /* ApiCallTests */ = {
			isa = PBXGroup;
			children = (
				79129A5127DDA92C00A4A512 /* ApiCallTests.swift */,
			);
			path = ApiCallTests;
			sourceTree = "<group>";
		};
		79129A5A27DDA92C00A4A512 /* ApiCallUITests */ = {
			isa = PBXGroup;
			children = (
				79129A5B27DDA92C00A4A512 /* ApiCallUITests.swift */,
				79129A5D27DDA92C00A4A512 /* ApiCallUITestsLaunchTests.swift */,
			);
			path = ApiCallUITests;
			sourceTree = "<group>";
		};
/* End PBXGroup section */

/* Begin PBXNativeTarget section */
		79129A3C27DDA92B00A4A512 /* ApiCall */ = {
			isa = PBXNativeTarget;
			buildConfigurationList = 79129A6127DDA92C00A4A512 /* Build configuration list for PBXNativeTarget "ApiCall" */;
			buildPhases = (
				2B05BF86609FED5BF47588AC /* [CP] Check Pods Manifest.lock */,
				79129A3927DDA92B00A4A512 /* Sources */,
				79129A3A27DDA92B00A4A512 /* Frameworks */,
				79129A3B27DDA92B00A4A512 /* Resources */,
			);
			buildRules = (
			);
			dependencies = (
			);
			name = ApiCall;
			productName = ApiCall;
			productReference = 79129A3D27DDA92B00A4A512 /* ApiCall.app */;
			productType = "com.apple.product-type.application";
		};
		79129A4C27DDA92C00A4A512 /* ApiCallTests */ = {
			isa = PBXNativeTarget;
			buildConfigurationList = 79129A6427DDA92C00A4A512 /* Build configuration list for PBXNativeTarget "ApiCallTests" */;
			buildPhases = (
				E6CA8EDBBAAF340BFF35AE73 /* [CP] Check Pods Manifest.lock */,
				79129A4927DDA92C00A4A512 /* Sources */,
				79129A4A27DDA92C00A4A512 /* Frameworks */,
				79129A4B27DDA92C00A4A512 /* Resources */,
			);
			buildRules = (
			);
			dependencies = (
				79129A4F27DDA92C00A4A512 /* PBXTargetDependency */,
			);
			name = ApiCallTests;
			productName = ApiCallTests;
			productReference = 79129A4D27DDA92C00A4A512 /* ApiCallTests.xctest */;
			productType = "com.apple.product-type.bundle.unit-test";
		};
		79129A5627DDA92C00A4A512 /* ApiCallUITests */ = {
			isa = PBXNativeTarget;
			buildConfigurationList = 79129A6727DDA92C00A4A512 /* Build configuration list for PBXNativeTarget "ApiCallUITests" */;
			buildPhases = (
				77D05D43899AFCB18D0A319F /* [CP] Check Pods Manifest.lock */,
				79129A5327DDA92C00A4A512 /* Sources */,
				79129A5427DDA92C00A4A512 /* Frameworks */,
				79129A5527DDA92C00A4A512 /* Resources */,
			);
			buildRules = (
			);
			dependencies = (
				79129A5927DDA92C00A4A512 /* PBXTargetDependency */,
			);
			name = ApiCallUITests;
			productName = ApiCallUITests;
			productReference = 79129A5727DDA92C00A4A512 /* ApiCallUITests.xctest */;
			productType = "com.apple.product-type.bundle.ui-testing";
		};
/* End PBXNativeTarget section */

/* Begin PBXProject section */
		79129A3527DDA92B00A4A512 /* Project object */ = {
			isa = PBXProject;
			attributes = {
				BuildIndependentTargetsInParallel = 1;
				LastSwiftUpdateCheck = 1320;
				LastUpgradeCheck = 1320;
				TargetAttributes = {
					79129A3C27DDA92B00A4A512 = {
						CreatedOnToolsVersion = 13.2.1;
					};
					79129A4C27DDA92C00A4A512 = {
						CreatedOnToolsVersion = 13.2.1;
						TestTargetID = 79129A3C27DDA92B00A4A512;
					};
					79129A5627DDA92C00A4A512 = {
						CreatedOnToolsVersion = 13.2.1;
						TestTargetID = 79129A3C27DDA92B00A4A512;
					};
				};
			};
			buildConfigurationList = 79129A3827DDA92B00A4A512 /* Build configuration list for PBXProject "ApiCall" */;
			compatibilityVersion = "Xcode 13.0";
			developmentRegion = en;
			hasScannedForEncodings = 0;
			knownRegions = (
				en,
				Base,
			);
			mainGroup = 79129A3427DDA92B00A4A512;
			productRefGroup = 79129A3E27DDA92B00A4A512 /* Products */;
			projectDirPath = "";
			projectRoot = "";
			targets = (
				79129A3C27DDA92B00A4A512 /* ApiCall */,
				79129A4C27DDA92C00A4A512 /* ApiCallTests */,
				79129A5627DDA92C00A4A512 /* ApiCallUITests */,
			);
		};
/* End PBXProject section */

/* Begin PBXResourcesBuildPhase section */
		79129A3B27DDA92B00A4A512 /* Resources */ = {
			isa = PBXResourcesBuildPhase;
			buildActionMask = 2147483647;
			files = (
				79129A4827DDA92C00A4A512 /* Preview Assets.xcassets in Resources */,
				79129A4527DDA92C00A4A512 /* Assets.xcassets in Resources */,
			);
			runOnlyForDeploymentPostprocessing = 0;
		};
		79129A4B27DDA92C00A4A512 /* Resources */ = {
			isa = PBXResourcesBuildPhase;
			buildActionMask = 2147483647;
			files = (
			);
			runOnlyForDeploymentPostprocessing = 0;
		};
		79129A5527DDA92C00A4A512 /* Resources */ = {
			isa = PBXResourcesBuildPhase;
			buildActionMask = 2147483647;
			files = (
			);
			runOnlyForDeploymentPostprocessing = 0;
		};
/* End PBXResourcesBuildPhase section */

/* Begin PBXShellScriptBuildPhase section */
		2B05BF86609FED5BF47588AC /* [CP] Check Pods Manifest.lock */ = {
			isa = PBXShellScriptBuildPhase;
			buildActionMask = 2147483647;
			files = (
			);
			inputFileListPaths = (
			);
			inputPaths = (
				"${PODS_PODFILE_DIR_PATH}/Podfile.lock",
				"${PODS_ROOT}/Manifest.lock",
			);
			name = "[CP] Check Pods Manifest.lock";
			outputFileListPaths = (
			);
			outputPaths = (
				"$(DERIVED_FILE_DIR)/Pods-ApiCall-checkManifestLockResult.txt",
			);
			runOnlyForDeploymentPostprocessing = 0;
			shellPath = /bin/sh;
			shellScript = "diff \"${PODS_PODFILE_DIR_PATH}/Podfile.lock\" \"${PODS_ROOT}/Manifest.lock\" > /dev/null\nif [ $? != 0 ] ; then\n    # print error to STDERR\n    echo \"error: The sandbox is not in sync with the Podfile.lock. Run 'pod install' or update your CocoaPods installation.\" >&2\n    exit 1\nfi\n# This output is used by Xcode 'outputs' to avoid re-running this script phase.\necho \"SUCCESS\" > \"${SCRIPT_OUTPUT_FILE_0}\"\n";
			showEnvVarsInLog = 0;
		};
		77D05D43899AFCB18D0A319F /* [CP] Check Pods Manifest.lock */ = {
			isa = PBXShellScriptBuildPhase;
			buildActionMask = 2147483647;
			files = (
			);
			inputFileListPaths = (
			);
			inputPaths = (
				"${PODS_PODFILE_DIR_PATH}/Podfile.lock",
				"${PODS_ROOT}/Manifest.lock",
			);
			name = "[CP] Check Pods Manifest.lock";
			outputFileListPaths = (
			);
			outputPaths = (
				"$(DERIVED_FILE_DIR)/Pods-ApiCall-ApiCallUITests-checkManifestLockResult.txt",
			);
			runOnlyForDeploymentPostprocessing = 0;
			shellPath = /bin/sh;
			shellScript = "diff \"${PODS_PODFILE_DIR_PATH}/Podfile.lock\" \"${PODS_ROOT}/Manifest.lock\" > /dev/null\nif [ $? != 0 ] ; then\n    # print error to STDERR\n    echo \"error: The sandbox is not in sync with the Podfile.lock. Run 'pod install' or update your CocoaPods installation.\" >&2\n    exit 1\nfi\n# This output is used by Xcode 'outputs' to avoid re-running this script phase.\necho \"SUCCESS\" > \"${SCRIPT_OUTPUT_FILE_0}\"\n";
			showEnvVarsInLog = 0;
		};
		E6CA8EDBBAAF340BFF35AE73 /* [CP] Check Pods Manifest.lock */ = {
			isa = PBXShellScriptBuildPhase;
			buildActionMask = 2147483647;
			files = (
			);
			inputFileListPaths = (
			);
			inputPaths = (
				"${PODS_PODFILE_DIR_PATH}/Podfile.lock",
				"${PODS_ROOT}/Manifest.lock",
			);
			name = "[CP] Check Pods Manifest.lock";
			outputFileListPaths = (
			);
			outputPaths = (
				"$(DERIVED_FILE_DIR)/Pods-ApiCallTests-checkManifestLockResult.txt",
			);
			runOnlyForDeploymentPostprocessing = 0;
			shellPath = /bin/sh;
			shellScript = "diff \"${PODS_PODFILE_DIR_PATH}/Podfile.lock\" \"${PODS_ROOT}/Manifest.lock\" > /dev/null\nif [ $? != 0 ] ; then\n    # print error to STDERR\n    echo \"error: The sandbox is not in sync with the Podfile.lock. Run 'pod install' or update your CocoaPods installation.\" >&2\n    exit 1\nfi\n# This output is used by Xcode 'outputs' to avoid re-running this script phase.\necho \"SUCCESS\" > \"${SCRIPT_OUTPUT_FILE_0}\"\n";
			showEnvVarsInLog = 0;
		};
/* End PBXShellScriptBuildPhase section */

/* Begin PBXSourcesBuildPhase section */
		79129A3927DDA92B00A4A512 /* Sources */ = {
			isa = PBXSourcesBuildPhase;
			buildActionMask = 2147483647;
			files = (
				79129A4327DDA92B00A4A512 /* ContentView.swift in Sources */,
				79129A4127DDA92B00A4A512 /* ApiCallApp.swift in Sources */,
			);
			runOnlyForDeploymentPostprocessing = 0;
		};
		79129A4927DDA92C00A4A512 /* Sources */ = {
			isa = PBXSourcesBuildPhase;
			buildActionMask = 2147483647;
			files = (
				79129A5227DDA92C00A4A512 /* ApiCallTests.swift in Sources */,
			);
			runOnlyForDeploymentPostprocessing = 0;
		};
		79129A5327DDA92C00A4A512 /* Sources */ = {
			isa = PBXSourcesBuildPhase;
			buildActionMask = 2147483647;
			files = (
				79129A5C27DDA92C00A4A512 /* ApiCallUITests.swift in Sources */,
				79129A5E27DDA92C00A4A512 /* ApiCallUITestsLaunchTests.swift in Sources */,
			);
			runOnlyForDeploymentPostprocessing = 0;
		};
/* End PBXSourcesBuildPhase section */

/* Begin PBXTargetDependency section */
		79129A4F27DDA92C00A4A512 /* PBXTargetDependency */ = {
			isa = PBXTargetDependency;
			target = 79129A3C27DDA92B00A4A512 /* ApiCall */;
			targetProxy = 79129A4E27DDA92C00A4A512 /* PBXContainerItemProxy */;
		};
		79129A5927DDA92C00A4A512 /* PBXTargetDependency */ = {
			isa = PBXTargetDependency;
			target = 79129A3C27DDA92B00A4A512 /* ApiCall */;
			targetProxy = 79129A5827DDA92C00A4A512 /* PBXContainerItemProxy */;
		};
/* End PBXTargetDependency section */

/* Begin XCBuildConfiguration section */
		79129A5F27DDA92C00A4A512 /* Debug */ = {
			isa = XCBuildConfiguration;
			buildSettings = {
				ALWAYS_SEARCH_USER_PATHS = NO;
				CLANG_ANALYZER_NONNULL = YES;
				CLANG_ANALYZER_NUMBER_OBJECT_CONVERSION = YES_AGGRESSIVE;
				CLANG_CXX_LANGUAGE_STANDARD = "gnu++17";
				CLANG_CXX_LIBRARY = "libc++";
				CLANG_ENABLE_MODULES = YES;
				CLANG_ENABLE_OBJC_ARC = YES;
				CLANG_ENABLE_OBJC_WEAK = YES;
				CLANG_WARN_BLOCK_CAPTURE_AUTORELEASING = YES;
				CLANG_WARN_BOOL_CONVERSION = YES;
				CLANG_WARN_COMMA = YES;
				CLANG_WARN_CONSTANT_CONVERSION = YES;
				CLANG_WARN_DEPRECATED_OBJC_IMPLEMENTATIONS = YES;
				CLANG_WARN_DIRECT_OBJC_ISA_USAGE = YES_ERROR;
				CLANG_WARN_DOCUMENTATION_COMMENTS = YES;
				CLANG_WARN_EMPTY_BODY = YES;
				CLANG_WARN_ENUM_CONVERSION = YES;
				CLANG_WARN_INFINITE_RECURSION = YES;
				CLANG_WARN_INT_CONVERSION = YES;
				CLANG_WARN_NON_LITERAL_NULL_CONVERSION = YES;
				CLANG_WARN_OBJC_IMPLICIT_RETAIN_SELF = YES;
				CLANG_WARN_OBJC_LITERAL_CONVERSION = YES;
				CLANG_WARN_OBJC_ROOT_CLASS = YES_ERROR;
				CLANG_WARN_QUOTED_INCLUDE_IN_FRAMEWORK_HEADER = YES;
				CLANG_WARN_RANGE_LOOP_ANALYSIS = YES;
				CLANG_WARN_STRICT_PROTOTYPES = YES;
				CLANG_WARN_SUSPICIOUS_MOVE = YES;
				CLANG_WARN_UNGUARDED_AVAILABILITY = YES_AGGRESSIVE;
				CLANG_WARN_UNREACHABLE_CODE = YES;
				CLANG_WARN__DUPLICATE_METHOD_MATCH = YES;
				COPY_PHASE_STRIP = NO;
				DEBUG_INFORMATION_FORMAT = dwarf;
				ENABLE_STRICT_OBJC_MSGSEND = YES;
				ENABLE_TESTABILITY = YES;
				GCC_C_LANGUAGE_STANDARD = gnu11;
				GCC_DYNAMIC_NO_PIC = NO;
				GCC_NO_COMMON_BLOCKS = YES;
				GCC_OPTIMIZATION_LEVEL = 0;
				GCC_PREPROCESSOR_DEFINITIONS = (
					"DEBUG=1",
					"$(inherited)",
				);
				GCC_WARN_64_TO_32_BIT_CONVERSION = YES;
				GCC_WARN_ABOUT_RETURN_TYPE = YES_ERROR;
				GCC_WARN_UNDECLARED_SELECTOR = YES;
				GCC_WARN_UNINITIALIZED_AUTOS = YES_AGGRESSIVE;
				GCC_WARN_UNUSED_FUNCTION = YES;
				GCC_WARN_UNUSED_VARIABLE = YES;
				IPHONEOS_DEPLOYMENT_TARGET = 15.2;
				MTL_ENABLE_DEBUG_INFO = INCLUDE_SOURCE;
				MTL_FAST_MATH = YES;
				ONLY_ACTIVE_ARCH = YES;
				SDKROOT = iphoneos;
				SWIFT_ACTIVE_COMPILATION_CONDITIONS = DEBUG;
				SWIFT_OPTIMIZATION_LEVEL = "-Onone";
			};
			name = Debug;
		};
		79129A6027DDA92C00A4A512 /* Release */ = {
			isa = XCBuildConfiguration;
			buildSettings = {
				ALWAYS_SEARCH_USER_PATHS = NO;
				CLANG_ANALYZER_NONNULL = YES;
				CLANG_ANALYZER_NUMBER_OBJECT_CONVERSION = YES_AGGRESSIVE;
				CLANG_CXX_LANGUAGE_STANDARD = "gnu++17";
				CLANG_CXX_LIBRARY = "libc++";
				CLANG_ENABLE_MODULES = YES;
				CLANG_ENABLE_OBJC_ARC = YES;
				CLANG_ENABLE_OBJC_WEAK = YES;
				CLANG_WARN_BLOCK_CAPTURE_AUTORELEASING = YES;
				CLANG_WARN_BOOL_CONVERSION = YES;
				CLANG_WARN_COMMA = YES;
				CLANG_WARN_CONSTANT_CONVERSION = YES;
				CLANG_WARN_DEPRECATED_OBJC_IMPLEMENTATIONS = YES;
				CLANG_WARN_DIRECT_OBJC_ISA_USAGE = YES_ERROR;
				CLANG_WARN_DOCUMENTATION_COMMENTS = YES;
				CLANG_WARN_EMPTY_BODY = YES;
				CLANG_WARN_ENUM_CONVERSION = YES;
				CLANG_WARN_INFINITE_RECURSION = YES;
				CLANG_WARN_INT_CONVERSION = YES;
				CLANG_WARN_NON_LITERAL_NULL_CONVERSION = YES;
				CLANG_WARN_OBJC_IMPLICIT_RETAIN_SELF = YES;
				CLANG_WARN_OBJC_LITERAL_CONVERSION = YES;
				CLANG_WARN_OBJC_ROOT_CLASS = YES_ERROR;
				CLANG_WARN_QUOTED_INCLUDE_IN_FRAMEWORK_HEADER = YES;
				CLANG_WARN_RANGE_LOOP_ANALYSIS = YES;
				CLANG_WARN_STRICT_PROTOTYPES = YES;
				CLANG_WARN_SUSPICIOUS_MOVE = YES;
				CLANG_WARN_UNGUARDED_AVAILABILITY = YES_AGGRESSIVE;
				CLANG_WARN_UNREACHABLE_CODE = YES;
				CLANG_WARN__DUPLICATE_METHOD_MATCH = YES;
				COPY_PHASE_STRIP = NO;
				DEBUG_INFORMATION_FORMAT = "dwarf-with-dsym";
				ENABLE_NS_ASSERTIONS = NO;
				ENABLE_STRICT_OBJC_MSGSEND = YES;
				GCC_C_LANGUAGE_STANDARD = gnu11;
				GCC_NO_COMMON_BLOCKS = YES;
				GCC_WARN_64_TO_32_BIT_CONVERSION = YES;
				GCC_WARN_ABOUT_RETURN_TYPE = YES_ERROR;
				GCC_WARN_UNDECLARED_SELECTOR = YES;
				GCC_WARN_UNINITIALIZED_AUTOS = YES_AGGRESSIVE;
				GCC_WARN_UNUSED_FUNCTION = YES;
				GCC_WARN_UNUSED_VARIABLE = YES;
				IPHONEOS_DEPLOYMENT_TARGET = 15.2;
				MTL_ENABLE_DEBUG_INFO = NO;
				MTL_FAST_MATH = YES;
				SDKROOT = iphoneos;
				SWIFT_COMPILATION_MODE = wholemodule;
				SWIFT_OPTIMIZATION_LEVEL = "-O";
				VALIDATE_PRODUCT = YES;
			};
			name = Release;
		};
		79129A6227DDA92C00A4A512 /* Debug */ = {
			isa = XCBuildConfiguration;
			baseConfigurationReference = 60CEC2063FDBFF854867E7CF /* Pods-ApiCall.debug.xcconfig */;
			buildSettings = {
				ASSETCATALOG_COMPILER_APPICON_NAME = AppIcon;
				ASSETCATALOG_COMPILER_GLOBAL_ACCENT_COLOR_NAME = AccentColor;
				CODE_SIGN_STYLE = Automatic;
				CURRENT_PROJECT_VERSION = 1;
				DEVELOPMENT_ASSET_PATHS = "\"ApiCall/Preview Content\"";
				DEVELOPMENT_TEAM = G639TCDRRY;
				ENABLE_PREVIEWS = YES;
				GENERATE_INFOPLIST_FILE = YES;
				INFOPLIST_KEY_UIApplicationSceneManifest_Generation = YES;
				INFOPLIST_KEY_UIApplicationSupportsIndirectInputEvents = YES;
				INFOPLIST_KEY_UILaunchScreen_Generation = YES;
				INFOPLIST_KEY_UISupportedInterfaceOrientations_iPad = "UIInterfaceOrientationPortrait UIInterfaceOrientationPortraitUpsideDown UIInterfaceOrientationLandscapeLeft UIInterfaceOrientationLandscapeRight";
				INFOPLIST_KEY_UISupportedInterfaceOrientations_iPhone = "UIInterfaceOrientationPortrait UIInterfaceOrientationLandscapeLeft UIInterfaceOrientationLandscapeRight";
				LD_RUNPATH_SEARCH_PATHS = (
					"$(inherited)",
					"@executable_path/Frameworks",
				);
				MARKETING_VERSION = 1.0;
				PRODUCT_BUNDLE_IDENTIFIER = com.mtzendo.ApiCall;
				PRODUCT_NAME = "$(TARGET_NAME)";
				SWIFT_EMIT_LOC_STRINGS = YES;
				SWIFT_VERSION = 5.0;
				TARGETED_DEVICE_FAMILY = "1,2";
			};
			name = Debug;
		};
		79129A6327DDA92C00A4A512 /* Release */ = {
			isa = XCBuildConfiguration;
			baseConfigurationReference = E951EAC842D6F47AED800C53 /* Pods-ApiCall.release.xcconfig */;
			buildSettings = {
				ASSETCATALOG_COMPILER_APPICON_NAME = AppIcon;
				ASSETCATALOG_COMPILER_GLOBAL_ACCENT_COLOR_NAME = AccentColor;
				CODE_SIGN_STYLE = Automatic;
				CURRENT_PROJECT_VERSION = 1;
				DEVELOPMENT_ASSET_PATHS = "\"ApiCall/Preview Content\"";
				DEVELOPMENT_TEAM = G639TCDRRY;
				ENABLE_PREVIEWS = YES;
				GENERATE_INFOPLIST_FILE = YES;
				INFOPLIST_KEY_UIApplicationSceneManifest_Generation = YES;
				INFOPLIST_KEY_UIApplicationSupportsIndirectInputEvents = YES;
				INFOPLIST_KEY_UILaunchScreen_Generation = YES;
				INFOPLIST_KEY_UISupportedInterfaceOrientations_iPad = "UIInterfaceOrientationPortrait UIInterfaceOrientationPortraitUpsideDown UIInterfaceOrientationLandscapeLeft UIInterfaceOrientationLandscapeRight";
				INFOPLIST_KEY_UISupportedInterfaceOrientations_iPhone = "UIInterfaceOrientationPortrait UIInterfaceOrientationLandscapeLeft UIInterfaceOrientationLandscapeRight";
				LD_RUNPATH_SEARCH_PATHS = (
					"$(inherited)",
					"@executable_path/Frameworks",
				);
				MARKETING_VERSION = 1.0;
				PRODUCT_BUNDLE_IDENTIFIER = com.mtzendo.ApiCall;
				PRODUCT_NAME = "$(TARGET_NAME)";
				SWIFT_EMIT_LOC_STRINGS = YES;
				SWIFT_VERSION = 5.0;
				TARGETED_DEVICE_FAMILY = "1,2";
			};
			name = Release;
		};
		79129A6527DDA92C00A4A512 /* Debug */ = {
			isa = XCBuildConfiguration;
			baseConfigurationReference = A0B5144B6094012FDC25F99E /* Pods-ApiCallTests.debug.xcconfig */;
			buildSettings = {
				ALWAYS_EMBED_SWIFT_STANDARD_LIBRARIES = YES;
				BUNDLE_LOADER = "$(TEST_HOST)";
				CODE_SIGN_STYLE = Automatic;
				CURRENT_PROJECT_VERSION = 1;
				DEVELOPMENT_TEAM = G639TCDRRY;
				GENERATE_INFOPLIST_FILE = YES;
				IPHONEOS_DEPLOYMENT_TARGET = 15.2;
				MARKETING_VERSION = 1.0;
				PRODUCT_BUNDLE_IDENTIFIER = com.mtzendo.ApiCallTests;
				PRODUCT_NAME = "$(TARGET_NAME)";
				SWIFT_EMIT_LOC_STRINGS = NO;
				SWIFT_VERSION = 5.0;
				TARGETED_DEVICE_FAMILY = "1,2";
				TEST_HOST = "$(BUILT_PRODUCTS_DIR)/ApiCall.app/ApiCall";
			};
			name = Debug;
		};
		79129A6627DDA92C00A4A512 /* Release */ = {
			isa = XCBuildConfiguration;
			baseConfigurationReference = 94B739F7DC4DF1FB60066D8E /* Pods-ApiCallTests.release.xcconfig */;
			buildSettings = {
				ALWAYS_EMBED_SWIFT_STANDARD_LIBRARIES = YES;
				BUNDLE_LOADER = "$(TEST_HOST)";
				CODE_SIGN_STYLE = Automatic;
				CURRENT_PROJECT_VERSION = 1;
				DEVELOPMENT_TEAM = G639TCDRRY;
				GENERATE_INFOPLIST_FILE = YES;
				IPHONEOS_DEPLOYMENT_TARGET = 15.2;
				MARKETING_VERSION = 1.0;
				PRODUCT_BUNDLE_IDENTIFIER = com.mtzendo.ApiCallTests;
				PRODUCT_NAME = "$(TARGET_NAME)";
				SWIFT_EMIT_LOC_STRINGS = NO;
				SWIFT_VERSION = 5.0;
				TARGETED_DEVICE_FAMILY = "1,2";
				TEST_HOST = "$(BUILT_PRODUCTS_DIR)/ApiCall.app/ApiCall";
			};
			name = Release;
		};
		79129A6827DDA92C00A4A512 /* Debug */ = {
			isa = XCBuildConfiguration;
			baseConfigurationReference = DB6185BC9B73F168EF1F6618 /* Pods-ApiCall-ApiCallUITests.debug.xcconfig */;
			buildSettings = {
				ALWAYS_EMBED_SWIFT_STANDARD_LIBRARIES = YES;
				CODE_SIGN_STYLE = Automatic;
				CURRENT_PROJECT_VERSION = 1;
				DEVELOPMENT_TEAM = G639TCDRRY;
				GENERATE_INFOPLIST_FILE = YES;
				MARKETING_VERSION = 1.0;
				PRODUCT_BUNDLE_IDENTIFIER = com.mtzendo.ApiCallUITests;
				PRODUCT_NAME = "$(TARGET_NAME)";
				SWIFT_EMIT_LOC_STRINGS = NO;
				SWIFT_VERSION = 5.0;
				TARGETED_DEVICE_FAMILY = "1,2";
				TEST_TARGET_NAME = ApiCall;
			};
			name = Debug;
		};
		79129A6927DDA92C00A4A512 /* Release */ = {
			isa = XCBuildConfiguration;
			baseConfigurationReference = 03F60C659BDFB025F06021BA /* Pods-ApiCall-ApiCallUITests.release.xcconfig */;
			buildSettings = {
				ALWAYS_EMBED_SWIFT_STANDARD_LIBRARIES = YES;
				CODE_SIGN_STYLE = Automatic;
				CURRENT_PROJECT_VERSION = 1;
				DEVELOPMENT_TEAM = G639TCDRRY;
				GENERATE_INFOPLIST_FILE = YES;
				MARKETING_VERSION = 1.0;
				PRODUCT_BUNDLE_IDENTIFIER = com.mtzendo.ApiCallUITests;
				PRODUCT_NAME = "$(TARGET_NAME)";
				SWIFT_EMIT_LOC_STRINGS = NO;
				SWIFT_VERSION = 5.0;
				TARGETED_DEVICE_FAMILY = "1,2";
				TEST_TARGET_NAME = ApiCall;
			};
			name = Release;
		};
/* End XCBuildConfiguration section */

/* Begin XCConfigurationList section */
		79129A3827DDA92B00A4A512 /* Build configuration list for PBXProject "ApiCall" */ = {
			isa = XCConfigurationList;
			buildConfigurations = (
				79129A5F27DDA92C00A4A512 /* Debug */,
				79129A6027DDA92C00A4A512 /* Release */,
			);
			defaultConfigurationIsVisible = 0;
			defaultConfigurationName = Release;
		};
		79129A6127DDA92C00A4A512 /* Build configuration list for PBXNativeTarget "ApiCall" */ = {
			isa = XCConfigurationList;
			buildConfigurations = (
				79129A6227DDA92C00A4A512 /* Debug */,
				79129A6327DDA92C00A4A512 /* Release */,
			);
			defaultConfigurationIsVisible = 0;
			defaultConfigurationName = Release;
		};
		79129A6427DDA92C00A4A512 /* Build configuration list for PBXNativeTarget "ApiCallTests" */ = {
			isa = XCConfigurationList;
			buildConfigurations = (
				79129A6527DDA92C00A4A512 /* Debug */,
				79129A6627DDA92C00A4A512 /* Release */,
			);
			defaultConfigurationIsVisible = 0;
			defaultConfigurationName = Release;
		};
		79129A6727DDA92C00A4A512 /* Build configuration list for PBXNativeTarget "ApiCallUITests" */ = {
			isa = XCConfigurationList;
			buildConfigurations = (
				79129A6827DDA92C00A4A512 /* Debug */,
				79129A6927DDA92C00A4A512 /* Release */,
			);
			defaultConfigurationIsVisible = 0;
			defaultConfigurationName = Release;
		};
/* End XCConfigurationList section */
	};
	rootObject = 79129A3527DDA92B00A4A512 /* Project object */;
}
